// !$*UTF8*$!
{
	archiveVersion = 1;
	classes = {
	};
	objectVersion = 56;
	objects = {

/* Begin PBXBuildFile section */
		0008FF762A822ABE0006BF26 /* AddNewCardViewController.storyboard in Resources */ = {isa = PBXBuildFile; fileRef = 0008FF752A822ABE0006BF26 /* AddNewCardViewController.storyboard */; };
		0008FF792A822ADB0006BF26 /* AddNewCardViewController.swift in Sources */ = {isa = PBXBuildFile; fileRef = 0008FF782A822ADB0006BF26 /* AddNewCardViewController.swift */; };
		0008FF7C2A823BA60006BF26 /* PaymentCollectionViewCell.swift in Sources */ = {isa = PBXBuildFile; fileRef = 0008FF7A2A823BA60006BF26 /* PaymentCollectionViewCell.swift */; };
		0008FF7D2A823BA60006BF26 /* PaymentCollectionViewCell.xib in Resources */ = {isa = PBXBuildFile; fileRef = 0008FF7B2A823BA60006BF26 /* PaymentCollectionViewCell.xib */; };
		0008FF7F2A8327AE0006BF26 /* UIViewExt.swift in Sources */ = {isa = PBXBuildFile; fileRef = 0008FF7E2A8327AE0006BF26 /* UIViewExt.swift */; };
		0008FF902A83855A0006BF26 /* AllAddress.storyboard in Resources */ = {isa = PBXBuildFile; fileRef = 0008FF8F2A83855A0006BF26 /* AllAddress.storyboard */; };
		0008FF932A8387010006BF26 /* AllAddressViewController.swift in Sources */ = {isa = PBXBuildFile; fileRef = 0008FF922A8387010006BF26 /* AllAddressViewController.swift */; };
		0008FF972A838CF30006BF26 /* AllAddressTableViewCell.swift in Sources */ = {isa = PBXBuildFile; fileRef = 0008FF952A838CF30006BF26 /* AllAddressTableViewCell.swift */; };
		0008FF982A838CF30006BF26 /* AllAddressTableViewCell.xib in Resources */ = {isa = PBXBuildFile; fileRef = 0008FF962A838CF30006BF26 /* AllAddressTableViewCell.xib */; };
		0008FF9C2A8394C50006BF26 /* SnackBar in Frameworks */ = {isa = PBXBuildFile; productRef = 0008FF9B2A8394C50006BF26 /* SnackBar */; };
		0008FF9E2A8395470006BF26 /* SnackBar.swift in Sources */ = {isa = PBXBuildFile; fileRef = 0008FF9D2A8395470006BF26 /* SnackBar.swift */; };
		0017F10C2AA6D7A6008E71A3 /* Endpoint.swift in Sources */ = {isa = PBXBuildFile; fileRef = 0017F10B2AA6D7A6008E71A3 /* Endpoint.swift */; };
		001859B52A78E6E7004EF0D5 /* IntrinsicTableView.swift in Sources */ = {isa = PBXBuildFile; fileRef = 001859B42A78E6E7004EF0D5 /* IntrinsicTableView.swift */; };
		001859B72A78E737004EF0D5 /* DynamicHeightCollectionView.swift in Sources */ = {isa = PBXBuildFile; fileRef = 001859B62A78E737004EF0D5 /* DynamicHeightCollectionView.swift */; };
		001859BB2A7A0478004EF0D5 /* SideMenuViewController.swift in Sources */ = {isa = PBXBuildFile; fileRef = 001859BA2A7A0478004EF0D5 /* SideMenuViewController.swift */; };
		001859BE2A7A0895004EF0D5 /* DetailTableViewCell.swift in Sources */ = {isa = PBXBuildFile; fileRef = 001859BC2A7A0895004EF0D5 /* DetailTableViewCell.swift */; };
		001859BF2A7A0895004EF0D5 /* DetailTableViewCell.xib in Resources */ = {isa = PBXBuildFile; fileRef = 001859BD2A7A0895004EF0D5 /* DetailTableViewCell.xib */; };
		0021A19B2A95E85400BDD4F9 /* UpdateProfileViewModel.swift in Sources */ = {isa = PBXBuildFile; fileRef = 0021A19A2A95E85400BDD4F9 /* UpdateProfileViewModel.swift */; };
		0021A19D2A95EFCD00BDD4F9 /* Media.swift in Sources */ = {isa = PBXBuildFile; fileRef = 0021A19C2A95EFCD00BDD4F9 /* Media.swift */; };
		0035172C2A91FAA5004D3CD1 /* ForgetPasswordViewModel.swift in Sources */ = {isa = PBXBuildFile; fileRef = 0035172B2A91FAA5004D3CD1 /* ForgetPasswordViewModel.swift */; };
		0035172E2A91FC5A004D3CD1 /* AuthenticationModel.swift in Sources */ = {isa = PBXBuildFile; fileRef = 0035172D2A91FC5A004D3CD1 /* AuthenticationModel.swift */; };
		003517302A9204E1004D3CD1 /* VerificationCodeViewModel.swift in Sources */ = {isa = PBXBuildFile; fileRef = 0035172F2A9204E1004D3CD1 /* VerificationCodeViewModel.swift */; };
		003517322A926E74004D3CD1 /* NewPasswordViewModel.swift in Sources */ = {isa = PBXBuildFile; fileRef = 003517312A926E74004D3CD1 /* NewPasswordViewModel.swift */; };
		003CE9762A776326008D32FA /* SideMenu in Frameworks */ = {isa = PBXBuildFile; productRef = 003CE9752A776326008D32FA /* SideMenu */; };
		003CE9B22A779393008D32FA /* CategoryTableViewCell.swift in Sources */ = {isa = PBXBuildFile; fileRef = 003CE9B02A779393008D32FA /* CategoryTableViewCell.swift */; };
		003CE9B32A779393008D32FA /* CategoryTableViewCell.xib in Resources */ = {isa = PBXBuildFile; fileRef = 003CE9B12A779393008D32FA /* CategoryTableViewCell.xib */; };
		003CE9B62A7793A6008D32FA /* ProductTableViewCell.swift in Sources */ = {isa = PBXBuildFile; fileRef = 003CE9B42A7793A6008D32FA /* ProductTableViewCell.swift */; };
		003CE9B72A7793A6008D32FA /* ProductTableViewCell.xib in Resources */ = {isa = PBXBuildFile; fileRef = 003CE9B52A7793A6008D32FA /* ProductTableViewCell.xib */; };
		004678462A945DF2005C0E07 /* DateUtils.swift in Sources */ = {isa = PBXBuildFile; fileRef = 004678452A945DF2005C0E07 /* DateUtils.swift */; };
		0046784A2A94847D005C0E07 /* AddReviewViewModel.swift in Sources */ = {isa = PBXBuildFile; fileRef = 004678492A94847D005C0E07 /* AddReviewViewModel.swift */; };
		0046F08F2A9C552500FF339A /* SelectedBrandViewController.swift in Sources */ = {isa = PBXBuildFile; fileRef = 0046F08E2A9C552500FF339A /* SelectedBrandViewController.swift */; };
		006374702A910980003EC0EF /* VerifyAccountViewController.swift in Sources */ = {isa = PBXBuildFile; fileRef = 0063746F2A910980003EC0EF /* VerifyAccountViewController.swift */; };
		006374732A911655003EC0EF /* VerifyAccountViewModel.swift in Sources */ = {isa = PBXBuildFile; fileRef = 006374722A911655003EC0EF /* VerifyAccountViewModel.swift */; };
		006B4C7E2A753AE2001247C4 /* ProfileViewController.swift in Sources */ = {isa = PBXBuildFile; fileRef = 006B4C7D2A753AE2001247C4 /* ProfileViewController.swift */; };
		006B4C812A755460001247C4 /* FacebookCore in Frameworks */ = {isa = PBXBuildFile; productRef = 006B4C802A755460001247C4 /* FacebookCore */; };
		006B4C832A755460001247C4 /* FacebookLogin in Frameworks */ = {isa = PBXBuildFile; productRef = 006B4C822A755460001247C4 /* FacebookLogin */; };
		006B4C872A756057001247C4 /* Swifter in Frameworks */ = {isa = PBXBuildFile; productRef = 006B4C862A756057001247C4 /* Swifter */; };
		006B4C892A7562AB001247C4 /* TwitterConstants.swift in Sources */ = {isa = PBXBuildFile; fileRef = 006B4C882A7562AB001247C4 /* TwitterConstants.swift */; };
		006B4C8B2A756A57001247C4 /* Regex.swift in Sources */ = {isa = PBXBuildFile; fileRef = 006B4C8A2A756A57001247C4 /* Regex.swift */; };
		006B4C8D2A756ED8001247C4 /* UserModel.swift in Sources */ = {isa = PBXBuildFile; fileRef = 006B4C8C2A756ED8001247C4 /* UserModel.swift */; };
		0072560B2AA579BB00C424EE /* ChangePasswordViewController.swift in Sources */ = {isa = PBXBuildFile; fileRef = 0072560A2AA579BB00C424EE /* ChangePasswordViewController.swift */; };
		0072560D2AA579C900C424EE /* ChangePassword.storyboard in Resources */ = {isa = PBXBuildFile; fileRef = 0072560C2AA579C900C424EE /* ChangePassword.storyboard */; };
		0072560F2AA579D900C424EE /* ChangePasswordViewModel.swift in Sources */ = {isa = PBXBuildFile; fileRef = 0072560E2AA579D900C424EE /* ChangePasswordViewModel.swift */; };
		007904FA2A8B339700FEBFF0 /* SignUpViewModel.swift in Sources */ = {isa = PBXBuildFile; fileRef = 007904F92A8B339700FEBFF0 /* SignUpViewModel.swift */; };
		007904FC2A8B676300FEBFF0 /* LoginViewModel.swift in Sources */ = {isa = PBXBuildFile; fileRef = 007904FB2A8B676300FEBFF0 /* LoginViewModel.swift */; };
		007904FF2A8C7D2800FEBFF0 /* DPOTPView in Frameworks */ = {isa = PBXBuildFile; productRef = 007904FE2A8C7D2800FEBFF0 /* DPOTPView */; };
		007905012A8C9EA100FEBFF0 /* SessionManager.swift in Sources */ = {isa = PBXBuildFile; fileRef = 007905002A8C9EA100FEBFF0 /* SessionManager.swift */; };
		007B0F562A70B2410034E7A5 /* AppDelegate.swift in Sources */ = {isa = PBXBuildFile; fileRef = 007B0F552A70B2410034E7A5 /* AppDelegate.swift */; };
		007B0F582A70B2410034E7A5 /* SceneDelegate.swift in Sources */ = {isa = PBXBuildFile; fileRef = 007B0F572A70B2410034E7A5 /* SceneDelegate.swift */; };
		007B0F5D2A70B2410034E7A5 /* Main.storyboard in Resources */ = {isa = PBXBuildFile; fileRef = 007B0F5B2A70B2410034E7A5 /* Main.storyboard */; };
		007B0F5F2A70B2420034E7A5 /* Assets.xcassets in Resources */ = {isa = PBXBuildFile; fileRef = 007B0F5E2A70B2420034E7A5 /* Assets.xcassets */; };
		007B0F622A70B2420034E7A5 /* LaunchScreen.storyboard in Resources */ = {isa = PBXBuildFile; fileRef = 007B0F602A70B2420034E7A5 /* LaunchScreen.storyboard */; };
		007B0F702A70B2F40034E7A5 /* Inter.ttf in Resources */ = {isa = PBXBuildFile; fileRef = 007B0F6F2A70B2F40034E7A5 /* Inter.ttf */; };
		007B0F7D2A70CAD80034E7A5 /* ViewModel.swift in Sources */ = {isa = PBXBuildFile; fileRef = 007B0F7C2A70CAD80034E7A5 /* ViewModel.swift */; };
		007B0F812A70CD430034E7A5 /* SignUpViewController.swift in Sources */ = {isa = PBXBuildFile; fileRef = 007B0F802A70CD430034E7A5 /* SignUpViewController.swift */; };
		007B0F852A70D5BD0034E7A5 /* LoginViewController.swift in Sources */ = {isa = PBXBuildFile; fileRef = 007B0F842A70D5BD0034E7A5 /* LoginViewController.swift */; };
		007B0F892A70DF450034E7A5 /* NewPasswordViewController.swift in Sources */ = {isa = PBXBuildFile; fileRef = 007B0F882A70DF450034E7A5 /* NewPasswordViewController.swift */; };
		007B0F8B2A70F8C40034E7A5 /* Home.storyboard in Resources */ = {isa = PBXBuildFile; fileRef = 007B0F8A2A70F8C40034E7A5 /* Home.storyboard */; };
		007B0F8D2A70F8D50034E7A5 /* HomepageViewController.swift in Sources */ = {isa = PBXBuildFile; fileRef = 007B0F8C2A70F8D50034E7A5 /* HomepageViewController.swift */; };
		007B0F922A710A660034E7A5 /* CategoryCollectionViewCell.swift in Sources */ = {isa = PBXBuildFile; fileRef = 007B0F902A710A660034E7A5 /* CategoryCollectionViewCell.swift */; };
		007B0F932A710A660034E7A5 /* CategoryCollectionViewCell.xib in Resources */ = {isa = PBXBuildFile; fileRef = 007B0F912A710A660034E7A5 /* CategoryCollectionViewCell.xib */; };
		007B0F952A710E3C0034E7A5 /* ShopModel.swift in Sources */ = {isa = PBXBuildFile; fileRef = 007B0F942A710E3C0034E7A5 /* ShopModel.swift */; };
		007B0F982A71171D0034E7A5 /* ProductCollectionViewCell.swift in Sources */ = {isa = PBXBuildFile; fileRef = 007B0F962A71171D0034E7A5 /* ProductCollectionViewCell.swift */; };
		007B0F992A71171D0034E7A5 /* ProductCollectionViewCell.xib in Resources */ = {isa = PBXBuildFile; fileRef = 007B0F972A71171D0034E7A5 /* ProductCollectionViewCell.xib */; };
		007B0F9C2A7124E10034E7A5 /* SDWebImage in Frameworks */ = {isa = PBXBuildFile; productRef = 007B0F9B2A7124E10034E7A5 /* SDWebImage */; };
		007B0F9E2A7124E10034E7A5 /* SDWebImageMapKit in Frameworks */ = {isa = PBXBuildFile; productRef = 007B0F9D2A7124E10034E7A5 /* SDWebImageMapKit */; };
		0086FE3B2A96F37300E41A19 /* GoogleSignIn in Frameworks */ = {isa = PBXBuildFile; productRef = 0086FE3A2A96F37300E41A19 /* GoogleSignIn */; };
		0086FE3D2A96F37300E41A19 /* GoogleSignInSwift in Frameworks */ = {isa = PBXBuildFile; productRef = 0086FE3C2A96F37300E41A19 /* GoogleSignInSwift */; };
		0086FE402A96FE5700E41A19 /* AllProduct.storyboard in Resources */ = {isa = PBXBuildFile; fileRef = 0086FE3F2A96FE5700E41A19 /* AllProduct.storyboard */; };
		0086FE422A96FEAF00E41A19 /* AllProductViewController.swift in Sources */ = {isa = PBXBuildFile; fileRef = 0086FE412A96FEAF00E41A19 /* AllProductViewController.swift */; };
		0086FE462A9718F500E41A19 /* AllCategory.storyboard in Resources */ = {isa = PBXBuildFile; fileRef = 0086FE452A9718F500E41A19 /* AllCategory.storyboard */; };
		0086FE482A97190600E41A19 /* AllCategoryViewController.swift in Sources */ = {isa = PBXBuildFile; fileRef = 0086FE472A97190600E41A19 /* AllCategoryViewController.swift */; };
		0086FE4B2A971BF400E41A19 /* AllCategoryCollectionViewCell.swift in Sources */ = {isa = PBXBuildFile; fileRef = 0086FE492A971BF400E41A19 /* AllCategoryCollectionViewCell.swift */; };
		0086FE4C2A971BF400E41A19 /* AllCategoryCollectionViewCell.xib in Resources */ = {isa = PBXBuildFile; fileRef = 0086FE4A2A971BF400E41A19 /* AllCategoryCollectionViewCell.xib */; };
		008CE6952A80976F00454CED /* ForgetPasswordViewController.swift in Sources */ = {isa = PBXBuildFile; fileRef = 008CE6942A80976F00454CED /* ForgetPasswordViewController.swift */; };
		008CE69B2A809AB400454CED /* VerificationCodeViewController.swift in Sources */ = {isa = PBXBuildFile; fileRef = 008CE69A2A809AB400454CED /* VerificationCodeViewController.swift */; };
		008CE69E2A80ADC400454CED /* CartTableViewCell.swift in Sources */ = {isa = PBXBuildFile; fileRef = 008CE69C2A80ADC400454CED /* CartTableViewCell.swift */; };
		008CE69F2A80ADC400454CED /* CartTableViewCell.xib in Resources */ = {isa = PBXBuildFile; fileRef = 008CE69D2A80ADC400454CED /* CartTableViewCell.xib */; };
		008CE6A22A80C06600454CED /* BottomSheet.storyboard in Resources */ = {isa = PBXBuildFile; fileRef = 008CE6A12A80C06600454CED /* BottomSheet.storyboard */; };
		008CE6A52A80C0E000454CED /* BottomSheetViewController.swift in Sources */ = {isa = PBXBuildFile; fileRef = 008CE6A42A80C0E000454CED /* BottomSheetViewController.swift */; };
		008CE6A82A80D72500454CED /* Address.storyboard in Resources */ = {isa = PBXBuildFile; fileRef = 008CE6A72A80D72500454CED /* Address.storyboard */; };
		008CE6AB2A80D73B00454CED /* AddressViewController.swift in Sources */ = {isa = PBXBuildFile; fileRef = 008CE6AA2A80D73B00454CED /* AddressViewController.swift */; };
		008CE6AE2A80D81200454CED /* Payment.storyboard in Resources */ = {isa = PBXBuildFile; fileRef = 008CE6AD2A80D81200454CED /* Payment.storyboard */; };
		008CE6B12A80D82800454CED /* PaymentViewController.swift in Sources */ = {isa = PBXBuildFile; fileRef = 008CE6B02A80D82800454CED /* PaymentViewController.swift */; };
		008EE8A12A7B5C56002C44B9 /* AlertManager.swift in Sources */ = {isa = PBXBuildFile; fileRef = 008EE8A02A7B5C56002C44B9 /* AlertManager.swift */; };
		008EE8A72A7B88B8002C44B9 /* SizeCollectionViewCell.swift in Sources */ = {isa = PBXBuildFile; fileRef = 008EE8A52A7B88B8002C44B9 /* SizeCollectionViewCell.swift */; };
		008EE8A82A7B88B8002C44B9 /* SizeCollectionViewCell.xib in Resources */ = {isa = PBXBuildFile; fileRef = 008EE8A62A7B88B8002C44B9 /* SizeCollectionViewCell.xib */; };
		008EE8AE2A7B8ED2002C44B9 /* ReviewViewController.swift in Sources */ = {isa = PBXBuildFile; fileRef = 008EE8AD2A7B8ED2002C44B9 /* ReviewViewController.swift */; };
		008EE8B22A7B8FA8002C44B9 /* Review.storyboard in Resources */ = {isa = PBXBuildFile; fileRef = 008EE8B12A7B8FA8002C44B9 /* Review.storyboard */; };
		008EE8B62A7B95F0002C44B9 /* ReviewTableViewCell.swift in Sources */ = {isa = PBXBuildFile; fileRef = 008EE8B42A7B95F0002C44B9 /* ReviewTableViewCell.swift */; };
		008EE8B72A7B95F0002C44B9 /* ReviewTableViewCell.xib in Resources */ = {isa = PBXBuildFile; fileRef = 008EE8B52A7B95F0002C44B9 /* ReviewTableViewCell.xib */; };
		008EE8BF2A7BA868002C44B9 /* AddReviewViewController.swift in Sources */ = {isa = PBXBuildFile; fileRef = 008EE8BE2A7BA868002C44B9 /* AddReviewViewController.swift */; };
		008EE8C22A7CAA1C002C44B9 /* Poppins-Regular.ttf in Resources */ = {isa = PBXBuildFile; fileRef = 008EE8C12A7CAA1C002C44B9 /* Poppins-Regular.ttf */; };
		008EE8C42A7CAA24002C44B9 /* Poppins-SemiBold.ttf in Resources */ = {isa = PBXBuildFile; fileRef = 008EE8C32A7CAA24002C44B9 /* Poppins-SemiBold.ttf */; };
		0090DFD92A81DE4C00150D9D /* OrderConfirmed.storyboard in Resources */ = {isa = PBXBuildFile; fileRef = 0090DFD82A81DE4C00150D9D /* OrderConfirmed.storyboard */; };
		0090DFDB2A81DE5900150D9D /* OrderConfirmedViewController.swift in Sources */ = {isa = PBXBuildFile; fileRef = 0090DFDA2A81DE5900150D9D /* OrderConfirmedViewController.swift */; };
		009320162A9D98C100B1E703 /* AddressViewModel.swift in Sources */ = {isa = PBXBuildFile; fileRef = 009320152A9D98C100B1E703 /* AddressViewModel.swift */; };
		009486C52A9EFA5100FA7955 /* UpdateAddressViewController.swift in Sources */ = {isa = PBXBuildFile; fileRef = 009486C42A9EFA5100FA7955 /* UpdateAddressViewController.swift */; };
		009486C72A9F26F500FA7955 /* CartViewModel.swift in Sources */ = {isa = PBXBuildFile; fileRef = 009486C62A9F26F500FA7955 /* CartViewModel.swift */; };
		009486CA2AA19C9D00FA7955 /* SkeletonView in Frameworks */ = {isa = PBXBuildFile; productRef = 009486C92AA19C9D00FA7955 /* SkeletonView */; };
		009486CE2AA1CC0100FA7955 /* UpdateProfile.storyboard in Resources */ = {isa = PBXBuildFile; fileRef = 009486CD2AA1CC0100FA7955 /* UpdateProfile.storyboard */; };
		009615422A94A5FC009200C7 /* WishlistViewModel.swift in Sources */ = {isa = PBXBuildFile; fileRef = 009615412A94A5FC009200C7 /* WishlistViewModel.swift */; };
		00A74B402A72064300BB07B9 /* DetailViewController.swift in Sources */ = {isa = PBXBuildFile; fileRef = 00A74B3F2A72064300BB07B9 /* DetailViewController.swift */; };
		00A74B422A72065500BB07B9 /* Detail.storyboard in Resources */ = {isa = PBXBuildFile; fileRef = 00A74B412A72065500BB07B9 /* Detail.storyboard */; };
		00A74B442A72465100BB07B9 /* OrderViewController.swift in Sources */ = {isa = PBXBuildFile; fileRef = 00A74B432A72465100BB07B9 /* OrderViewController.swift */; };
		00A74B482A72468200BB07B9 /* WishlistViewController.swift in Sources */ = {isa = PBXBuildFile; fileRef = 00A74B472A72468200BB07B9 /* WishlistViewController.swift */; };
		00A8FDB62A92FD51006FB87D /* JWTDecode in Frameworks */ = {isa = PBXBuildFile; productRef = 00A8FDB52A92FD51006FB87D /* JWTDecode */; };
		00A8FDB82A930487006FB87D /* HomeViewModel.swift in Sources */ = {isa = PBXBuildFile; fileRef = 00A8FDB72A930487006FB87D /* HomeViewModel.swift */; };
		00A8FDBA2A930BA4006FB87D /* DetailViewModel.swift in Sources */ = {isa = PBXBuildFile; fileRef = 00A8FDB92A930BA4006FB87D /* DetailViewModel.swift */; };
		00A8FDBC2A9318DB006FB87D /* DetailModel.swift in Sources */ = {isa = PBXBuildFile; fileRef = 00A8FDBB2A9318DB006FB87D /* DetailModel.swift */; };
		00A8FDC62A934DA2006FB87D /* UpdateProfileViewController.swift in Sources */ = {isa = PBXBuildFile; fileRef = 00A8FDC52A934DA2006FB87D /* UpdateProfileViewController.swift */; };
		00EB8D512AA31EF400D9ADDC /* SetProfileViewController.swift in Sources */ = {isa = PBXBuildFile; fileRef = 00EB8D502AA31EF400D9ADDC /* SetProfileViewController.swift */; };
		00EB8D532AA40A1C00D9ADDC /* RefreshTokenViewModel.swift in Sources */ = {isa = PBXBuildFile; fileRef = 00EB8D522AA40A1C00D9ADDC /* RefreshTokenViewModel.swift */; };
		28EC3AC8624170A182E3B9F1 /* Pods_LazaProject.framework in Frameworks */ = {isa = PBXBuildFile; fileRef = 3D14F2BDA4B7B8930479D64F /* Pods_LazaProject.framework */; };
/* End PBXBuildFile section */

/* Begin PBXFileReference section */
		0008FF752A822ABE0006BF26 /* AddNewCardViewController.storyboard */ = {isa = PBXFileReference; lastKnownFileType = file.storyboard; path = AddNewCardViewController.storyboard; sourceTree = "<group>"; };
		0008FF782A822ADB0006BF26 /* AddNewCardViewController.swift */ = {isa = PBXFileReference; lastKnownFileType = sourcecode.swift; path = AddNewCardViewController.swift; sourceTree = "<group>"; };
		0008FF7A2A823BA60006BF26 /* PaymentCollectionViewCell.swift */ = {isa = PBXFileReference; lastKnownFileType = sourcecode.swift; path = PaymentCollectionViewCell.swift; sourceTree = "<group>"; };
		0008FF7B2A823BA60006BF26 /* PaymentCollectionViewCell.xib */ = {isa = PBXFileReference; lastKnownFileType = file.xib; path = PaymentCollectionViewCell.xib; sourceTree = "<group>"; };
		0008FF7E2A8327AE0006BF26 /* UIViewExt.swift */ = {isa = PBXFileReference; lastKnownFileType = sourcecode.swift; path = UIViewExt.swift; sourceTree = "<group>"; };
		0008FF8F2A83855A0006BF26 /* AllAddress.storyboard */ = {isa = PBXFileReference; lastKnownFileType = file.storyboard; path = AllAddress.storyboard; sourceTree = "<group>"; };
		0008FF922A8387010006BF26 /* AllAddressViewController.swift */ = {isa = PBXFileReference; lastKnownFileType = sourcecode.swift; path = AllAddressViewController.swift; sourceTree = "<group>"; };
		0008FF952A838CF30006BF26 /* AllAddressTableViewCell.swift */ = {isa = PBXFileReference; lastKnownFileType = sourcecode.swift; path = AllAddressTableViewCell.swift; sourceTree = "<group>"; };
		0008FF962A838CF30006BF26 /* AllAddressTableViewCell.xib */ = {isa = PBXFileReference; lastKnownFileType = file.xib; path = AllAddressTableViewCell.xib; sourceTree = "<group>"; };
		0008FF9D2A8395470006BF26 /* SnackBar.swift */ = {isa = PBXFileReference; lastKnownFileType = sourcecode.swift; path = SnackBar.swift; sourceTree = "<group>"; };
		0017F10B2AA6D7A6008E71A3 /* Endpoint.swift */ = {isa = PBXFileReference; lastKnownFileType = sourcecode.swift; path = Endpoint.swift; sourceTree = "<group>"; };
		001859B42A78E6E7004EF0D5 /* IntrinsicTableView.swift */ = {isa = PBXFileReference; lastKnownFileType = sourcecode.swift; path = IntrinsicTableView.swift; sourceTree = "<group>"; };
		001859B62A78E737004EF0D5 /* DynamicHeightCollectionView.swift */ = {isa = PBXFileReference; lastKnownFileType = sourcecode.swift; path = DynamicHeightCollectionView.swift; sourceTree = "<group>"; };
		001859BA2A7A0478004EF0D5 /* SideMenuViewController.swift */ = {isa = PBXFileReference; lastKnownFileType = sourcecode.swift; path = SideMenuViewController.swift; sourceTree = "<group>"; };
		001859BC2A7A0895004EF0D5 /* DetailTableViewCell.swift */ = {isa = PBXFileReference; lastKnownFileType = sourcecode.swift; path = DetailTableViewCell.swift; sourceTree = "<group>"; };
		001859BD2A7A0895004EF0D5 /* DetailTableViewCell.xib */ = {isa = PBXFileReference; lastKnownFileType = file.xib; path = DetailTableViewCell.xib; sourceTree = "<group>"; };
		0021A19A2A95E85400BDD4F9 /* UpdateProfileViewModel.swift */ = {isa = PBXFileReference; lastKnownFileType = sourcecode.swift; path = UpdateProfileViewModel.swift; sourceTree = "<group>"; };
		0021A19C2A95EFCD00BDD4F9 /* Media.swift */ = {isa = PBXFileReference; lastKnownFileType = sourcecode.swift; path = Media.swift; sourceTree = "<group>"; };
		0035172B2A91FAA5004D3CD1 /* ForgetPasswordViewModel.swift */ = {isa = PBXFileReference; lastKnownFileType = sourcecode.swift; path = ForgetPasswordViewModel.swift; sourceTree = "<group>"; };
		0035172D2A91FC5A004D3CD1 /* AuthenticationModel.swift */ = {isa = PBXFileReference; lastKnownFileType = sourcecode.swift; path = AuthenticationModel.swift; sourceTree = "<group>"; };
		0035172F2A9204E1004D3CD1 /* VerificationCodeViewModel.swift */ = {isa = PBXFileReference; lastKnownFileType = sourcecode.swift; path = VerificationCodeViewModel.swift; sourceTree = "<group>"; };
		003517312A926E74004D3CD1 /* NewPasswordViewModel.swift */ = {isa = PBXFileReference; lastKnownFileType = sourcecode.swift; path = NewPasswordViewModel.swift; sourceTree = "<group>"; };
		003CE9B02A779393008D32FA /* CategoryTableViewCell.swift */ = {isa = PBXFileReference; lastKnownFileType = sourcecode.swift; path = CategoryTableViewCell.swift; sourceTree = "<group>"; };
		003CE9B12A779393008D32FA /* CategoryTableViewCell.xib */ = {isa = PBXFileReference; lastKnownFileType = file.xib; path = CategoryTableViewCell.xib; sourceTree = "<group>"; };
		003CE9B42A7793A6008D32FA /* ProductTableViewCell.swift */ = {isa = PBXFileReference; lastKnownFileType = sourcecode.swift; path = ProductTableViewCell.swift; sourceTree = "<group>"; };
		003CE9B52A7793A6008D32FA /* ProductTableViewCell.xib */ = {isa = PBXFileReference; lastKnownFileType = file.xib; path = ProductTableViewCell.xib; sourceTree = "<group>"; };
		004678452A945DF2005C0E07 /* DateUtils.swift */ = {isa = PBXFileReference; lastKnownFileType = sourcecode.swift; path = DateUtils.swift; sourceTree = "<group>"; };
		004678492A94847D005C0E07 /* AddReviewViewModel.swift */ = {isa = PBXFileReference; lastKnownFileType = sourcecode.swift; path = AddReviewViewModel.swift; sourceTree = "<group>"; };
		0046F08E2A9C552500FF339A /* SelectedBrandViewController.swift */ = {isa = PBXFileReference; lastKnownFileType = sourcecode.swift; path = SelectedBrandViewController.swift; sourceTree = "<group>"; };
		0063746F2A910980003EC0EF /* VerifyAccountViewController.swift */ = {isa = PBXFileReference; lastKnownFileType = sourcecode.swift; path = VerifyAccountViewController.swift; sourceTree = "<group>"; };
		006374722A911655003EC0EF /* VerifyAccountViewModel.swift */ = {isa = PBXFileReference; lastKnownFileType = sourcecode.swift; path = VerifyAccountViewModel.swift; sourceTree = "<group>"; };
		006B4C7D2A753AE2001247C4 /* ProfileViewController.swift */ = {isa = PBXFileReference; lastKnownFileType = sourcecode.swift; path = ProfileViewController.swift; sourceTree = "<group>"; };
		006B4C842A7556A5001247C4 /* LazaProject.entitlements */ = {isa = PBXFileReference; lastKnownFileType = text.plist.entitlements; path = LazaProject.entitlements; sourceTree = "<group>"; };
		006B4C882A7562AB001247C4 /* TwitterConstants.swift */ = {isa = PBXFileReference; lastKnownFileType = sourcecode.swift; path = TwitterConstants.swift; sourceTree = "<group>"; };
		006B4C8A2A756A57001247C4 /* Regex.swift */ = {isa = PBXFileReference; lastKnownFileType = sourcecode.swift; path = Regex.swift; sourceTree = "<group>"; };
		006B4C8C2A756ED8001247C4 /* UserModel.swift */ = {isa = PBXFileReference; lastKnownFileType = sourcecode.swift; path = UserModel.swift; sourceTree = "<group>"; };
		0072560A2AA579BB00C424EE /* ChangePasswordViewController.swift */ = {isa = PBXFileReference; lastKnownFileType = sourcecode.swift; path = ChangePasswordViewController.swift; sourceTree = "<group>"; };
		0072560C2AA579C900C424EE /* ChangePassword.storyboard */ = {isa = PBXFileReference; lastKnownFileType = file.storyboard; path = ChangePassword.storyboard; sourceTree = "<group>"; };
		0072560E2AA579D900C424EE /* ChangePasswordViewModel.swift */ = {isa = PBXFileReference; lastKnownFileType = sourcecode.swift; path = ChangePasswordViewModel.swift; sourceTree = "<group>"; };
		007904F92A8B339700FEBFF0 /* SignUpViewModel.swift */ = {isa = PBXFileReference; lastKnownFileType = sourcecode.swift; path = SignUpViewModel.swift; sourceTree = "<group>"; };
		007904FB2A8B676300FEBFF0 /* LoginViewModel.swift */ = {isa = PBXFileReference; lastKnownFileType = sourcecode.swift; path = LoginViewModel.swift; sourceTree = "<group>"; };
		007905002A8C9EA100FEBFF0 /* SessionManager.swift */ = {isa = PBXFileReference; lastKnownFileType = sourcecode.swift; path = SessionManager.swift; sourceTree = "<group>"; };
		007B0F522A70B2410034E7A5 /* LazaProject.app */ = {isa = PBXFileReference; explicitFileType = wrapper.application; includeInIndex = 0; path = LazaProject.app; sourceTree = BUILT_PRODUCTS_DIR; };
		007B0F552A70B2410034E7A5 /* AppDelegate.swift */ = {isa = PBXFileReference; lastKnownFileType = sourcecode.swift; path = AppDelegate.swift; sourceTree = "<group>"; };
		007B0F572A70B2410034E7A5 /* SceneDelegate.swift */ = {isa = PBXFileReference; lastKnownFileType = sourcecode.swift; path = SceneDelegate.swift; sourceTree = "<group>"; };
		007B0F5C2A70B2410034E7A5 /* Base */ = {isa = PBXFileReference; lastKnownFileType = file.storyboard; name = Base; path = Base.lproj/Main.storyboard; sourceTree = "<group>"; };
		007B0F5E2A70B2420034E7A5 /* Assets.xcassets */ = {isa = PBXFileReference; lastKnownFileType = folder.assetcatalog; path = Assets.xcassets; sourceTree = "<group>"; };
		007B0F612A70B2420034E7A5 /* Base */ = {isa = PBXFileReference; lastKnownFileType = file.storyboard; name = Base; path = Base.lproj/LaunchScreen.storyboard; sourceTree = "<group>"; };
		007B0F632A70B2420034E7A5 /* Info.plist */ = {isa = PBXFileReference; lastKnownFileType = text.plist.xml; path = Info.plist; sourceTree = "<group>"; };
		007B0F6F2A70B2F40034E7A5 /* Inter.ttf */ = {isa = PBXFileReference; lastKnownFileType = file; name = Inter.ttf; path = ../../../../../../../Downloads/Inter/Inter.ttf; sourceTree = "<group>"; };
		007B0F7C2A70CAD80034E7A5 /* ViewModel.swift */ = {isa = PBXFileReference; lastKnownFileType = sourcecode.swift; path = ViewModel.swift; sourceTree = "<group>"; };
		007B0F802A70CD430034E7A5 /* SignUpViewController.swift */ = {isa = PBXFileReference; lastKnownFileType = sourcecode.swift; path = SignUpViewController.swift; sourceTree = "<group>"; };
		007B0F842A70D5BD0034E7A5 /* LoginViewController.swift */ = {isa = PBXFileReference; lastKnownFileType = sourcecode.swift; path = LoginViewController.swift; sourceTree = "<group>"; };
		007B0F882A70DF450034E7A5 /* NewPasswordViewController.swift */ = {isa = PBXFileReference; lastKnownFileType = sourcecode.swift; path = NewPasswordViewController.swift; sourceTree = "<group>"; };
		007B0F8A2A70F8C40034E7A5 /* Home.storyboard */ = {isa = PBXFileReference; lastKnownFileType = file.storyboard; path = Home.storyboard; sourceTree = "<group>"; };
		007B0F8C2A70F8D50034E7A5 /* HomepageViewController.swift */ = {isa = PBXFileReference; lastKnownFileType = sourcecode.swift; path = HomepageViewController.swift; sourceTree = "<group>"; };
		007B0F902A710A660034E7A5 /* CategoryCollectionViewCell.swift */ = {isa = PBXFileReference; lastKnownFileType = sourcecode.swift; path = CategoryCollectionViewCell.swift; sourceTree = "<group>"; };
		007B0F912A710A660034E7A5 /* CategoryCollectionViewCell.xib */ = {isa = PBXFileReference; lastKnownFileType = file.xib; path = CategoryCollectionViewCell.xib; sourceTree = "<group>"; };
		007B0F942A710E3C0034E7A5 /* ShopModel.swift */ = {isa = PBXFileReference; lastKnownFileType = sourcecode.swift; path = ShopModel.swift; sourceTree = "<group>"; };
		007B0F962A71171D0034E7A5 /* ProductCollectionViewCell.swift */ = {isa = PBXFileReference; lastKnownFileType = sourcecode.swift; path = ProductCollectionViewCell.swift; sourceTree = "<group>"; };
		007B0F972A71171D0034E7A5 /* ProductCollectionViewCell.xib */ = {isa = PBXFileReference; lastKnownFileType = file.xib; path = ProductCollectionViewCell.xib; sourceTree = "<group>"; };
		0086FE3F2A96FE5700E41A19 /* AllProduct.storyboard */ = {isa = PBXFileReference; lastKnownFileType = file.storyboard; path = AllProduct.storyboard; sourceTree = "<group>"; };
		0086FE412A96FEAF00E41A19 /* AllProductViewController.swift */ = {isa = PBXFileReference; lastKnownFileType = sourcecode.swift; path = AllProductViewController.swift; sourceTree = "<group>"; };
		0086FE452A9718F500E41A19 /* AllCategory.storyboard */ = {isa = PBXFileReference; lastKnownFileType = file.storyboard; path = AllCategory.storyboard; sourceTree = "<group>"; };
		0086FE472A97190600E41A19 /* AllCategoryViewController.swift */ = {isa = PBXFileReference; lastKnownFileType = sourcecode.swift; path = AllCategoryViewController.swift; sourceTree = "<group>"; };
		0086FE492A971BF400E41A19 /* AllCategoryCollectionViewCell.swift */ = {isa = PBXFileReference; lastKnownFileType = sourcecode.swift; path = AllCategoryCollectionViewCell.swift; sourceTree = "<group>"; };
		0086FE4A2A971BF400E41A19 /* AllCategoryCollectionViewCell.xib */ = {isa = PBXFileReference; lastKnownFileType = file.xib; path = AllCategoryCollectionViewCell.xib; sourceTree = "<group>"; };
		008CE6942A80976F00454CED /* ForgetPasswordViewController.swift */ = {isa = PBXFileReference; lastKnownFileType = sourcecode.swift; path = ForgetPasswordViewController.swift; sourceTree = "<group>"; };
		008CE69A2A809AB400454CED /* VerificationCodeViewController.swift */ = {isa = PBXFileReference; lastKnownFileType = sourcecode.swift; path = VerificationCodeViewController.swift; sourceTree = "<group>"; };
		008CE69C2A80ADC400454CED /* CartTableViewCell.swift */ = {isa = PBXFileReference; lastKnownFileType = sourcecode.swift; path = CartTableViewCell.swift; sourceTree = "<group>"; };
		008CE69D2A80ADC400454CED /* CartTableViewCell.xib */ = {isa = PBXFileReference; lastKnownFileType = file.xib; path = CartTableViewCell.xib; sourceTree = "<group>"; };
		008CE6A12A80C06600454CED /* BottomSheet.storyboard */ = {isa = PBXFileReference; lastKnownFileType = file.storyboard; path = BottomSheet.storyboard; sourceTree = "<group>"; };
		008CE6A42A80C0E000454CED /* BottomSheetViewController.swift */ = {isa = PBXFileReference; lastKnownFileType = sourcecode.swift; path = BottomSheetViewController.swift; sourceTree = "<group>"; };
		008CE6A72A80D72500454CED /* Address.storyboard */ = {isa = PBXFileReference; lastKnownFileType = file.storyboard; path = Address.storyboard; sourceTree = "<group>"; };
		008CE6AA2A80D73B00454CED /* AddressViewController.swift */ = {isa = PBXFileReference; lastKnownFileType = sourcecode.swift; path = AddressViewController.swift; sourceTree = "<group>"; };
		008CE6AD2A80D81200454CED /* Payment.storyboard */ = {isa = PBXFileReference; lastKnownFileType = file.storyboard; path = Payment.storyboard; sourceTree = "<group>"; };
		008CE6B02A80D82800454CED /* PaymentViewController.swift */ = {isa = PBXFileReference; lastKnownFileType = sourcecode.swift; path = PaymentViewController.swift; sourceTree = "<group>"; };
		008EE8A02A7B5C56002C44B9 /* AlertManager.swift */ = {isa = PBXFileReference; lastKnownFileType = sourcecode.swift; path = AlertManager.swift; sourceTree = "<group>"; };
		008EE8A52A7B88B8002C44B9 /* SizeCollectionViewCell.swift */ = {isa = PBXFileReference; lastKnownFileType = sourcecode.swift; path = SizeCollectionViewCell.swift; sourceTree = "<group>"; };
		008EE8A62A7B88B8002C44B9 /* SizeCollectionViewCell.xib */ = {isa = PBXFileReference; lastKnownFileType = file.xib; path = SizeCollectionViewCell.xib; sourceTree = "<group>"; };
		008EE8AD2A7B8ED2002C44B9 /* ReviewViewController.swift */ = {isa = PBXFileReference; lastKnownFileType = sourcecode.swift; path = ReviewViewController.swift; sourceTree = "<group>"; };
		008EE8B12A7B8FA8002C44B9 /* Review.storyboard */ = {isa = PBXFileReference; lastKnownFileType = file.storyboard; path = Review.storyboard; sourceTree = "<group>"; };
		008EE8B42A7B95F0002C44B9 /* ReviewTableViewCell.swift */ = {isa = PBXFileReference; lastKnownFileType = sourcecode.swift; path = ReviewTableViewCell.swift; sourceTree = "<group>"; };
		008EE8B52A7B95F0002C44B9 /* ReviewTableViewCell.xib */ = {isa = PBXFileReference; lastKnownFileType = file.xib; path = ReviewTableViewCell.xib; sourceTree = "<group>"; };
		008EE8BE2A7BA868002C44B9 /* AddReviewViewController.swift */ = {isa = PBXFileReference; lastKnownFileType = sourcecode.swift; path = AddReviewViewController.swift; sourceTree = "<group>"; };
		008EE8C12A7CAA1C002C44B9 /* Poppins-Regular.ttf */ = {isa = PBXFileReference; lastKnownFileType = file; name = "Poppins-Regular.ttf"; path = "../../../../../../../Downloads/Poppins-2/Poppins-Regular.ttf"; sourceTree = "<group>"; };
		008EE8C32A7CAA24002C44B9 /* Poppins-SemiBold.ttf */ = {isa = PBXFileReference; lastKnownFileType = file; name = "Poppins-SemiBold.ttf"; path = "../../../../../../../Downloads/Poppins-2/Poppins-SemiBold.ttf"; sourceTree = "<group>"; };
		0090DFD82A81DE4C00150D9D /* OrderConfirmed.storyboard */ = {isa = PBXFileReference; lastKnownFileType = file.storyboard; path = OrderConfirmed.storyboard; sourceTree = "<group>"; };
		0090DFDA2A81DE5900150D9D /* OrderConfirmedViewController.swift */ = {isa = PBXFileReference; lastKnownFileType = sourcecode.swift; path = OrderConfirmedViewController.swift; sourceTree = "<group>"; };
		009320152A9D98C100B1E703 /* AddressViewModel.swift */ = {isa = PBXFileReference; lastKnownFileType = sourcecode.swift; path = AddressViewModel.swift; sourceTree = "<group>"; };
		009486C42A9EFA5100FA7955 /* UpdateAddressViewController.swift */ = {isa = PBXFileReference; lastKnownFileType = sourcecode.swift; path = UpdateAddressViewController.swift; sourceTree = "<group>"; };
		009486C62A9F26F500FA7955 /* CartViewModel.swift */ = {isa = PBXFileReference; lastKnownFileType = sourcecode.swift; path = CartViewModel.swift; sourceTree = "<group>"; };
		009486CD2AA1CC0100FA7955 /* UpdateProfile.storyboard */ = {isa = PBXFileReference; lastKnownFileType = file.storyboard; path = UpdateProfile.storyboard; sourceTree = "<group>"; };
		009615412A94A5FC009200C7 /* WishlistViewModel.swift */ = {isa = PBXFileReference; lastKnownFileType = sourcecode.swift; path = WishlistViewModel.swift; sourceTree = "<group>"; };
		00A74B3F2A72064300BB07B9 /* DetailViewController.swift */ = {isa = PBXFileReference; lastKnownFileType = sourcecode.swift; path = DetailViewController.swift; sourceTree = "<group>"; };
		00A74B412A72065500BB07B9 /* Detail.storyboard */ = {isa = PBXFileReference; lastKnownFileType = file.storyboard; path = Detail.storyboard; sourceTree = "<group>"; };
		00A74B432A72465100BB07B9 /* OrderViewController.swift */ = {isa = PBXFileReference; lastKnownFileType = sourcecode.swift; path = OrderViewController.swift; sourceTree = "<group>"; };
		00A74B472A72468200BB07B9 /* WishlistViewController.swift */ = {isa = PBXFileReference; lastKnownFileType = sourcecode.swift; path = WishlistViewController.swift; sourceTree = "<group>"; };
		00A8FDB72A930487006FB87D /* HomeViewModel.swift */ = {isa = PBXFileReference; lastKnownFileType = sourcecode.swift; path = HomeViewModel.swift; sourceTree = "<group>"; };
		00A8FDB92A930BA4006FB87D /* DetailViewModel.swift */ = {isa = PBXFileReference; lastKnownFileType = sourcecode.swift; path = DetailViewModel.swift; sourceTree = "<group>"; };
		00A8FDBB2A9318DB006FB87D /* DetailModel.swift */ = {isa = PBXFileReference; lastKnownFileType = sourcecode.swift; path = DetailModel.swift; sourceTree = "<group>"; };
		00A8FDC52A934DA2006FB87D /* UpdateProfileViewController.swift */ = {isa = PBXFileReference; lastKnownFileType = sourcecode.swift; path = UpdateProfileViewController.swift; sourceTree = "<group>"; };
		00EB8D502AA31EF400D9ADDC /* SetProfileViewController.swift */ = {isa = PBXFileReference; lastKnownFileType = sourcecode.swift; path = SetProfileViewController.swift; sourceTree = "<group>"; };
		00EB8D522AA40A1C00D9ADDC /* RefreshTokenViewModel.swift */ = {isa = PBXFileReference; lastKnownFileType = sourcecode.swift; path = RefreshTokenViewModel.swift; sourceTree = "<group>"; };
		3D14F2BDA4B7B8930479D64F /* Pods_LazaProject.framework */ = {isa = PBXFileReference; explicitFileType = wrapper.framework; includeInIndex = 0; path = Pods_LazaProject.framework; sourceTree = BUILT_PRODUCTS_DIR; };
		45DF13E549F75DF86E2D602A /* Pods-LazaProject.debug.xcconfig */ = {isa = PBXFileReference; includeInIndex = 1; lastKnownFileType = text.xcconfig; name = "Pods-LazaProject.debug.xcconfig"; path = "Target Support Files/Pods-LazaProject/Pods-LazaProject.debug.xcconfig"; sourceTree = "<group>"; };
		A9331842E129E531B4941251 /* Pods-LazaProject.release.xcconfig */ = {isa = PBXFileReference; includeInIndex = 1; lastKnownFileType = text.xcconfig; name = "Pods-LazaProject.release.xcconfig"; path = "Target Support Files/Pods-LazaProject/Pods-LazaProject.release.xcconfig"; sourceTree = "<group>"; };
/* End PBXFileReference section */

/* Begin PBXFrameworksBuildPhase section */
		007B0F4F2A70B2410034E7A5 /* Frameworks */ = {
			isa = PBXFrameworksBuildPhase;
			buildActionMask = 2147483647;
			files = (
				006B4C832A755460001247C4 /* FacebookLogin in Frameworks */,
				007B0F9E2A7124E10034E7A5 /* SDWebImageMapKit in Frameworks */,
				0086FE3B2A96F37300E41A19 /* GoogleSignIn in Frameworks */,
				0086FE3D2A96F37300E41A19 /* GoogleSignInSwift in Frameworks */,
				006B4C812A755460001247C4 /* FacebookCore in Frameworks */,
				007904FF2A8C7D2800FEBFF0 /* DPOTPView in Frameworks */,
				007B0F9C2A7124E10034E7A5 /* SDWebImage in Frameworks */,
				009486CA2AA19C9D00FA7955 /* SkeletonView in Frameworks */,
				003CE9762A776326008D32FA /* SideMenu in Frameworks */,
				0008FF9C2A8394C50006BF26 /* SnackBar in Frameworks */,
				006B4C872A756057001247C4 /* Swifter in Frameworks */,
				00A8FDB62A92FD51006FB87D /* JWTDecode in Frameworks */,
				28EC3AC8624170A182E3B9F1 /* Pods_LazaProject.framework in Frameworks */,
			);
			runOnlyForDeploymentPostprocessing = 0;
		};
/* End PBXFrameworksBuildPhase section */

/* Begin PBXGroup section */
		007256092AA579A200C424EE /* ChangePassword */ = {
			isa = PBXGroup;
			children = (
				0072560C2AA579C900C424EE /* ChangePassword.storyboard */,
				0072560A2AA579BB00C424EE /* ChangePasswordViewController.swift */,
				0072560E2AA579D900C424EE /* ChangePasswordViewModel.swift */,
			);
			path = ChangePassword;
			sourceTree = "<group>";
		};
		007B0F492A70B2410034E7A5 = {
			isa = PBXGroup;
			children = (
				007B0F542A70B2410034E7A5 /* LazaProject */,
				007B0F532A70B2410034E7A5 /* Products */,
				94364406878460913452CA44 /* Pods */,
				A8C5CC57C9EEF3A42E809390 /* Frameworks */,
			);
			sourceTree = "<group>";
		};
		007B0F532A70B2410034E7A5 /* Products */ = {
			isa = PBXGroup;
			children = (
				007B0F522A70B2410034E7A5 /* LazaProject.app */,
			);
			name = Products;
			sourceTree = "<group>";
		};
		007B0F542A70B2410034E7A5 /* LazaProject */ = {
			isa = PBXGroup;
			children = (
				006B4C842A7556A5001247C4 /* LazaProject.entitlements */,
				007B0F732A70B85E0034E7A5 /* Controller */,
				007B0F6E2A70B2CA0034E7A5 /* Font */,
				007B0F6D2A70B2C50034E7A5 /* Base */,
				007B0F6C2A70B2BD0034E7A5 /* Model */,
				007B0F692A70B2970034E7A5 /* Extension */,
				007B0F5E2A70B2420034E7A5 /* Assets.xcassets */,
				007B0F632A70B2420034E7A5 /* Info.plist */,
			);
			path = LazaProject;
			sourceTree = "<group>";
		};
		007B0F692A70B2970034E7A5 /* Extension */ = {
			isa = PBXGroup;
			children = (
				007905002A8C9EA100FEBFF0 /* SessionManager.swift */,
				001859B42A78E6E7004EF0D5 /* IntrinsicTableView.swift */,
				001859B62A78E737004EF0D5 /* DynamicHeightCollectionView.swift */,
				006B4C8A2A756A57001247C4 /* Regex.swift */,
				008EE8A02A7B5C56002C44B9 /* AlertManager.swift */,
				0008FF7E2A8327AE0006BF26 /* UIViewExt.swift */,
				0008FF9D2A8395470006BF26 /* SnackBar.swift */,
				004678452A945DF2005C0E07 /* DateUtils.swift */,
				0017F10B2AA6D7A6008E71A3 /* Endpoint.swift */,
			);
			path = Extension;
			sourceTree = "<group>";
		};
		007B0F6C2A70B2BD0034E7A5 /* Model */ = {
			isa = PBXGroup;
			children = (
				007B0F942A710E3C0034E7A5 /* ShopModel.swift */,
				006B4C882A7562AB001247C4 /* TwitterConstants.swift */,
				006B4C8C2A756ED8001247C4 /* UserModel.swift */,
				0035172D2A91FC5A004D3CD1 /* AuthenticationModel.swift */,
				00A8FDBB2A9318DB006FB87D /* DetailModel.swift */,
				0021A19C2A95EFCD00BDD4F9 /* Media.swift */,
			);
			path = Model;
			sourceTree = "<group>";
		};
		007B0F6D2A70B2C50034E7A5 /* Base */ = {
			isa = PBXGroup;
			children = (
				007B0F572A70B2410034E7A5 /* SceneDelegate.swift */,
				007B0F552A70B2410034E7A5 /* AppDelegate.swift */,
			);
			path = Base;
			sourceTree = "<group>";
		};
		007B0F6E2A70B2CA0034E7A5 /* Font */ = {
			isa = PBXGroup;
			children = (
				007B0F6F2A70B2F40034E7A5 /* Inter.ttf */,
				008EE8C12A7CAA1C002C44B9 /* Poppins-Regular.ttf */,
				008EE8C32A7CAA24002C44B9 /* Poppins-SemiBold.ttf */,
			);
			path = Font;
			sourceTree = "<group>";
		};
		007B0F732A70B85E0034E7A5 /* Controller */ = {
			isa = PBXGroup;
			children = (
				008EE88B2A7B4AB1002C44B9 /* SplashScreen */,
				008EE8892A7B4948002C44B9 /* Authentication */,
				008EE88A2A7B4986002C44B9 /* Main */,
			);
			path = Controller;
			sourceTree = "<group>";
		};
		008EE8892A7B4948002C44B9 /* Authentication */ = {
			isa = PBXGroup;
			children = (
				007B0F5B2A70B2410034E7A5 /* Main.storyboard */,
				00EB8D542AA4E99700D9ADDC /* Login */,
				00EB8D552AA4EAA900D9ADDC /* Register */,
				00EB8D562AA4EAE000D9ADDC /* ForgotPassword */,
			);
			path = Authentication;
			sourceTree = "<group>";
		};
		008EE88A2A7B4986002C44B9 /* Main */ = {
			isa = PBXGroup;
			children = (
				008EE8952A7B4B56002C44B9 /* Home */,
			);
			path = Main;
			sourceTree = "<group>";
		};
		008EE88B2A7B4AB1002C44B9 /* SplashScreen */ = {
			isa = PBXGroup;
			children = (
				007B0F602A70B2420034E7A5 /* LaunchScreen.storyboard */,
			);
			path = SplashScreen;
			sourceTree = "<group>";
		};
		008EE8952A7B4B56002C44B9 /* Home */ = {
			isa = PBXGroup;
			children = (
				007B0F8A2A70F8C40034E7A5 /* Home.storyboard */,
				007B0F7C2A70CAD80034E7A5 /* ViewModel.swift */,
				00EB8D522AA40A1C00D9ADDC /* RefreshTokenViewModel.swift */,
				00EB8D622AA4EF7B00D9ADDC /* SideMenu */,
				00EB8D5E2AA4EE9500D9ADDC /* Homepage */,
				00EB8D5F2AA4EEFA00D9ADDC /* Wishlist */,
				00EB8D602AA4EF5700D9ADDC /* Cart */,
				00EB8D612AA4EF7000D9ADDC /* Profile */,
				007256092AA579A200C424EE /* ChangePassword */,
			);
			path = Home;
			sourceTree = "<group>";
		};
		00EB8D542AA4E99700D9ADDC /* Login */ = {
			isa = PBXGroup;
			children = (
				007904FB2A8B676300FEBFF0 /* LoginViewModel.swift */,
				00EB8D572AA4EC4F00D9ADDC /* Login */,
				00EB8D582AA4EC5C00D9ADDC /* SetupProfile */,
			);
			path = Login;
			sourceTree = "<group>";
		};
		00EB8D552AA4EAA900D9ADDC /* Register */ = {
			isa = PBXGroup;
			children = (
				007B0F802A70CD430034E7A5 /* SignUpViewController.swift */,
				007904F92A8B339700FEBFF0 /* SignUpViewModel.swift */,
			);
			path = Register;
			sourceTree = "<group>";
		};
		00EB8D562AA4EAE000D9ADDC /* ForgotPassword */ = {
			isa = PBXGroup;
			children = (
				00EB8D592AA4ECD300D9ADDC /* ForgotPassword */,
				00EB8D5A2AA4ECF000D9ADDC /* VerifyAccount */,
				00EB8D5B2AA4ED0D00D9ADDC /* VerificationCode */,
				00EB8D5C2AA4ED1C00D9ADDC /* NewPassword */,
			);
			path = ForgotPassword;
			sourceTree = "<group>";
		};
		00EB8D572AA4EC4F00D9ADDC /* Login */ = {
			isa = PBXGroup;
			children = (
				007B0F842A70D5BD0034E7A5 /* LoginViewController.swift */,
			);
			path = Login;
			sourceTree = "<group>";
		};
		00EB8D582AA4EC5C00D9ADDC /* SetupProfile */ = {
			isa = PBXGroup;
			children = (
				00EB8D502AA31EF400D9ADDC /* SetProfileViewController.swift */,
			);
			path = SetupProfile;
			sourceTree = "<group>";
		};
		00EB8D592AA4ECD300D9ADDC /* ForgotPassword */ = {
			isa = PBXGroup;
			children = (
				0035172B2A91FAA5004D3CD1 /* ForgetPasswordViewModel.swift */,
				008CE6942A80976F00454CED /* ForgetPasswordViewController.swift */,
			);
			path = ForgotPassword;
			sourceTree = "<group>";
		};
		00EB8D5A2AA4ECF000D9ADDC /* VerifyAccount */ = {
			isa = PBXGroup;
			children = (
				006374722A911655003EC0EF /* VerifyAccountViewModel.swift */,
				0063746F2A910980003EC0EF /* VerifyAccountViewController.swift */,
			);
			path = VerifyAccount;
			sourceTree = "<group>";
		};
		00EB8D5B2AA4ED0D00D9ADDC /* VerificationCode */ = {
			isa = PBXGroup;
			children = (
				0035172F2A9204E1004D3CD1 /* VerificationCodeViewModel.swift */,
				008CE69A2A809AB400454CED /* VerificationCodeViewController.swift */,
			);
			path = VerificationCode;
			sourceTree = "<group>";
		};
		00EB8D5C2AA4ED1C00D9ADDC /* NewPassword */ = {
			isa = PBXGroup;
			children = (
				007B0F882A70DF450034E7A5 /* NewPasswordViewController.swift */,
				003517312A926E74004D3CD1 /* NewPasswordViewModel.swift */,
			);
			path = NewPassword;
			sourceTree = "<group>";
		};
		00EB8D5E2AA4EE9500D9ADDC /* Homepage */ = {
			isa = PBXGroup;
			children = (
				007B0F8C2A70F8D50034E7A5 /* HomepageViewController.swift */,
				00A8FDB72A930487006FB87D /* HomeViewModel.swift */,
				00EB8D6D2AA4F4D800D9ADDC /* Brand */,
				00EB8D702AA4F72F00D9ADDC /* Product */,
			);
			path = Homepage;
			sourceTree = "<group>";
		};
		00EB8D5F2AA4EEFA00D9ADDC /* Wishlist */ = {
			isa = PBXGroup;
			children = (
				00A74B472A72468200BB07B9 /* WishlistViewController.swift */,
				009615412A94A5FC009200C7 /* WishlistViewModel.swift */,
			);
			path = Wishlist;
			sourceTree = "<group>";
		};
		00EB8D602AA4EF5700D9ADDC /* Cart */ = {
			isa = PBXGroup;
			children = (
				009486C62A9F26F500FA7955 /* CartViewModel.swift */,
				008CE69D2A80ADC400454CED /* CartTableViewCell.xib */,
				008CE69C2A80ADC400454CED /* CartTableViewCell.swift */,
				00A74B432A72465100BB07B9 /* OrderViewController.swift */,
				00EB8D722AA4F83B00D9ADDC /* OrderConfirmed */,
				00EB8D632AA4F1BD00D9ADDC /* BottomSheet */,
			);
			path = Cart;
			sourceTree = "<group>";
		};
		00EB8D612AA4EF7000D9ADDC /* Profile */ = {
			isa = PBXGroup;
			children = (
				006B4C7D2A753AE2001247C4 /* ProfileViewController.swift */,
				00EB8D732AA4F86B00D9ADDC /* UpdateProfile */,
			);
			path = Profile;
			sourceTree = "<group>";
		};
		00EB8D622AA4EF7B00D9ADDC /* SideMenu */ = {
			isa = PBXGroup;
			children = (
				001859BA2A7A0478004EF0D5 /* SideMenuViewController.swift */,
			);
			path = SideMenu;
			sourceTree = "<group>";
		};
		00EB8D632AA4F1BD00D9ADDC /* BottomSheet */ = {
			isa = PBXGroup;
			children = (
				008CE6A12A80C06600454CED /* BottomSheet.storyboard */,
				008CE6A42A80C0E000454CED /* BottomSheetViewController.swift */,
				00EB8D642AA4F20600D9ADDC /* DeliveryAddress */,
				00EB8D752AA4F9A100D9ADDC /* Payment */,
			);
			path = BottomSheet;
			sourceTree = "<group>";
		};
		00EB8D642AA4F20600D9ADDC /* DeliveryAddress */ = {
			isa = PBXGroup;
			children = (
				008CE6A72A80D72500454CED /* Address.storyboard */,
				009320152A9D98C100B1E703 /* AddressViewModel.swift */,
				00EB8D742AA4F8AC00D9ADDC /* AllAddress */,
				00EB8D662AA4F26000D9ADDC /* AddNewAddress */,
			);
			path = DeliveryAddress;
			sourceTree = "<group>";
		};
		00EB8D652AA4F22B00D9ADDC /* Detail */ = {
			isa = PBXGroup;
			children = (
				00A8FDB92A930BA4006FB87D /* DetailViewModel.swift */,
				00A74B412A72065500BB07B9 /* Detail.storyboard */,
				00A74B3F2A72064300BB07B9 /* DetailViewController.swift */,
				00EB8D692AA4F39100D9ADDC /* DetailTableViewCell */,
				00EB8D6B2AA4F42F00D9ADDC /* AllReview */,
			);
			path = Detail;
			sourceTree = "<group>";
		};
		00EB8D662AA4F26000D9ADDC /* AddNewAddress */ = {
			isa = PBXGroup;
			children = (
				008CE6AA2A80D73B00454CED /* AddressViewController.swift */,
				009486C42A9EFA5100FA7955 /* UpdateAddressViewController.swift */,
			);
			path = AddNewAddress;
			sourceTree = "<group>";
		};
		00EB8D672AA4F2D200D9ADDC /* Size */ = {
			isa = PBXGroup;
			children = (
				008EE8A62A7B88B8002C44B9 /* SizeCollectionViewCell.xib */,
				008EE8A52A7B88B8002C44B9 /* SizeCollectionViewCell.swift */,
			);
			path = Size;
			sourceTree = "<group>";
		};
		00EB8D692AA4F39100D9ADDC /* DetailTableViewCell */ = {
			isa = PBXGroup;
			children = (
				001859BD2A7A0895004EF0D5 /* DetailTableViewCell.xib */,
				001859BC2A7A0895004EF0D5 /* DetailTableViewCell.swift */,
				00EB8D672AA4F2D200D9ADDC /* Size */,
				00EB8D6A2AA4F3C400D9ADDC /* Review */,
			);
			path = DetailTableViewCell;
			sourceTree = "<group>";
		};
		00EB8D6A2AA4F3C400D9ADDC /* Review */ = {
			isa = PBXGroup;
			children = (
				008EE8B52A7B95F0002C44B9 /* ReviewTableViewCell.xib */,
				008EE8B42A7B95F0002C44B9 /* ReviewTableViewCell.swift */,
			);
			path = Review;
			sourceTree = "<group>";
		};
		00EB8D6B2AA4F42F00D9ADDC /* AllReview */ = {
			isa = PBXGroup;
			children = (
				008EE8B12A7B8FA8002C44B9 /* Review.storyboard */,
				008EE8AD2A7B8ED2002C44B9 /* ReviewViewController.swift */,
				00EB8D6C2AA4F46800D9ADDC /* AddReview */,
			);
			path = AllReview;
			sourceTree = "<group>";
		};
		00EB8D6C2AA4F46800D9ADDC /* AddReview */ = {
			isa = PBXGroup;
			children = (
				008EE8BE2A7BA868002C44B9 /* AddReviewViewController.swift */,
				004678492A94847D005C0E07 /* AddReviewViewModel.swift */,
			);
			path = AddReview;
			sourceTree = "<group>";
		};
		00EB8D6D2AA4F4D800D9ADDC /* Brand */ = {
			isa = PBXGroup;
			children = (
				003CE9B12A779393008D32FA /* CategoryTableViewCell.xib */,
				003CE9B02A779393008D32FA /* CategoryTableViewCell.swift */,
				007B0F912A710A660034E7A5 /* CategoryCollectionViewCell.xib */,
				007B0F902A710A660034E7A5 /* CategoryCollectionViewCell.swift */,
				00EB8D6E2AA4F54800D9ADDC /* AllBrand */,
				00EB8D6F2AA4F54E00D9ADDC /* SelectedBrand */,
			);
			path = Brand;
			sourceTree = "<group>";
		};
		00EB8D6E2AA4F54800D9ADDC /* AllBrand */ = {
			isa = PBXGroup;
			children = (
				0086FE452A9718F500E41A19 /* AllCategory.storyboard */,
				0086FE472A97190600E41A19 /* AllCategoryViewController.swift */,
				0086FE4A2A971BF400E41A19 /* AllCategoryCollectionViewCell.xib */,
				0086FE492A971BF400E41A19 /* AllCategoryCollectionViewCell.swift */,
			);
			path = AllBrand;
			sourceTree = "<group>";
		};
		00EB8D6F2AA4F54E00D9ADDC /* SelectedBrand */ = {
			isa = PBXGroup;
			children = (
				0046F08E2A9C552500FF339A /* SelectedBrandViewController.swift */,
			);
			path = SelectedBrand;
			sourceTree = "<group>";
		};
		00EB8D702AA4F72F00D9ADDC /* Product */ = {
			isa = PBXGroup;
			children = (
				003CE9B52A7793A6008D32FA /* ProductTableViewCell.xib */,
				003CE9B42A7793A6008D32FA /* ProductTableViewCell.swift */,
				00EB8D712AA4F74E00D9ADDC /* AllProduct */,
				00EB8D652AA4F22B00D9ADDC /* Detail */,
			);
			path = Product;
			sourceTree = "<group>";
		};
		00EB8D712AA4F74E00D9ADDC /* AllProduct */ = {
			isa = PBXGroup;
			children = (
				0086FE3F2A96FE5700E41A19 /* AllProduct.storyboard */,
				0086FE412A96FEAF00E41A19 /* AllProductViewController.swift */,
				007B0F972A71171D0034E7A5 /* ProductCollectionViewCell.xib */,
				007B0F962A71171D0034E7A5 /* ProductCollectionViewCell.swift */,
			);
			path = AllProduct;
			sourceTree = "<group>";
		};
		00EB8D722AA4F83B00D9ADDC /* OrderConfirmed */ = {
			isa = PBXGroup;
			children = (
				0090DFD82A81DE4C00150D9D /* OrderConfirmed.storyboard */,
				0090DFDA2A81DE5900150D9D /* OrderConfirmedViewController.swift */,
			);
			path = OrderConfirmed;
			sourceTree = "<group>";
		};
		00EB8D732AA4F86B00D9ADDC /* UpdateProfile */ = {
			isa = PBXGroup;
			children = (
				009486CD2AA1CC0100FA7955 /* UpdateProfile.storyboard */,
				00A8FDC52A934DA2006FB87D /* UpdateProfileViewController.swift */,
				0021A19A2A95E85400BDD4F9 /* UpdateProfileViewModel.swift */,
			);
			path = UpdateProfile;
			sourceTree = "<group>";
		};
		00EB8D742AA4F8AC00D9ADDC /* AllAddress */ = {
			isa = PBXGroup;
			children = (
				0008FF962A838CF30006BF26 /* AllAddressTableViewCell.xib */,
				0008FF952A838CF30006BF26 /* AllAddressTableViewCell.swift */,
				0008FF8F2A83855A0006BF26 /* AllAddress.storyboard */,
				0008FF922A8387010006BF26 /* AllAddressViewController.swift */,
			);
			path = AllAddress;
			sourceTree = "<group>";
		};
		00EB8D752AA4F9A100D9ADDC /* Payment */ = {
			isa = PBXGroup;
			children = (
				008CE6AD2A80D81200454CED /* Payment.storyboard */,
				008CE6B02A80D82800454CED /* PaymentViewController.swift */,
				0008FF7B2A823BA60006BF26 /* PaymentCollectionViewCell.xib */,
				0008FF7A2A823BA60006BF26 /* PaymentCollectionViewCell.swift */,
				00EB8D762AA4F9DB00D9ADDC /* AddCard */,
			);
			path = Payment;
			sourceTree = "<group>";
		};
		00EB8D762AA4F9DB00D9ADDC /* AddCard */ = {
			isa = PBXGroup;
			children = (
				0008FF752A822ABE0006BF26 /* AddNewCardViewController.storyboard */,
				0008FF782A822ADB0006BF26 /* AddNewCardViewController.swift */,
			);
			path = AddCard;
			sourceTree = "<group>";
		};
		94364406878460913452CA44 /* Pods */ = {
			isa = PBXGroup;
			children = (
				45DF13E549F75DF86E2D602A /* Pods-LazaProject.debug.xcconfig */,
				A9331842E129E531B4941251 /* Pods-LazaProject.release.xcconfig */,
			);
			path = Pods;
			sourceTree = "<group>";
		};
		A8C5CC57C9EEF3A42E809390 /* Frameworks */ = {
			isa = PBXGroup;
			children = (
				3D14F2BDA4B7B8930479D64F /* Pods_LazaProject.framework */,
			);
			name = Frameworks;
			sourceTree = "<group>";
		};
/* End PBXGroup section */

/* Begin PBXNativeTarget section */
		007B0F512A70B2410034E7A5 /* LazaProject */ = {
			isa = PBXNativeTarget;
			buildConfigurationList = 007B0F662A70B2420034E7A5 /* Build configuration list for PBXNativeTarget "LazaProject" */;
			buildPhases = (
				6BFEA9BF00B3766C16B1D926 /* [CP] Check Pods Manifest.lock */,
				007B0F4E2A70B2410034E7A5 /* Sources */,
				007B0F4F2A70B2410034E7A5 /* Frameworks */,
				007B0F502A70B2410034E7A5 /* Resources */,
				869E5915EFD6A8D0A4445580 /* [CP] Embed Pods Frameworks */,
			);
			buildRules = (
			);
			dependencies = (
			);
			name = LazaProject;
			packageProductDependencies = (
				007B0F9B2A7124E10034E7A5 /* SDWebImage */,
				007B0F9D2A7124E10034E7A5 /* SDWebImageMapKit */,
				006B4C802A755460001247C4 /* FacebookCore */,
				006B4C822A755460001247C4 /* FacebookLogin */,
				006B4C862A756057001247C4 /* Swifter */,
				003CE9752A776326008D32FA /* SideMenu */,
				0008FF9B2A8394C50006BF26 /* SnackBar */,
				007904FE2A8C7D2800FEBFF0 /* DPOTPView */,
				00A8FDB52A92FD51006FB87D /* JWTDecode */,
				0086FE3A2A96F37300E41A19 /* GoogleSignIn */,
				0086FE3C2A96F37300E41A19 /* GoogleSignInSwift */,
				009486C92AA19C9D00FA7955 /* SkeletonView */,
			);
			productName = LazaProject;
			productReference = 007B0F522A70B2410034E7A5 /* LazaProject.app */;
			productType = "com.apple.product-type.application";
		};
/* End PBXNativeTarget section */

/* Begin PBXProject section */
		007B0F4A2A70B2410034E7A5 /* Project object */ = {
			isa = PBXProject;
			attributes = {
				BuildIndependentTargetsInParallel = 1;
				LastSwiftUpdateCheck = 1430;
				LastUpgradeCheck = 1430;
				TargetAttributes = {
					007B0F512A70B2410034E7A5 = {
						CreatedOnToolsVersion = 14.3.1;
					};
				};
			};
			buildConfigurationList = 007B0F4D2A70B2410034E7A5 /* Build configuration list for PBXProject "LazaProject" */;
			compatibilityVersion = "Xcode 14.0";
			developmentRegion = en;
			hasScannedForEncodings = 0;
			knownRegions = (
				en,
				Base,
			);
			mainGroup = 007B0F492A70B2410034E7A5;
			packageReferences = (
				007B0F9A2A7124E10034E7A5 /* XCRemoteSwiftPackageReference "SDWebImage" */,
				006B4C7F2A755460001247C4 /* XCRemoteSwiftPackageReference "facebook-ios-sdk" */,
				006B4C852A756056001247C4 /* XCRemoteSwiftPackageReference "Swifter" */,
				003CE9742A776326008D32FA /* XCRemoteSwiftPackageReference "SideMenu" */,
				0008FF9A2A8394C50006BF26 /* XCRemoteSwiftPackageReference "SnackBar" */,
				007904FD2A8C7D2800FEBFF0 /* XCRemoteSwiftPackageReference "DPOTPView" */,
				00A8FDB42A92FD51006FB87D /* XCRemoteSwiftPackageReference "JWTDecode" */,
				0086FE392A96F37300E41A19 /* XCRemoteSwiftPackageReference "GoogleSignIn-iOS" */,
				009486C82AA19C9D00FA7955 /* XCRemoteSwiftPackageReference "SkeletonView" */,
			);
			productRefGroup = 007B0F532A70B2410034E7A5 /* Products */;
			projectDirPath = "";
			projectRoot = "";
			targets = (
				007B0F512A70B2410034E7A5 /* LazaProject */,
			);
		};
/* End PBXProject section */

/* Begin PBXResourcesBuildPhase section */
		007B0F502A70B2410034E7A5 /* Resources */ = {
			isa = PBXResourcesBuildPhase;
			buildActionMask = 2147483647;
			files = (
				0086FE4C2A971BF400E41A19 /* AllCategoryCollectionViewCell.xib in Resources */,
				0090DFD92A81DE4C00150D9D /* OrderConfirmed.storyboard in Resources */,
				0008FF7D2A823BA60006BF26 /* PaymentCollectionViewCell.xib in Resources */,
				0008FF762A822ABE0006BF26 /* AddNewCardViewController.storyboard in Resources */,
				0008FF902A83855A0006BF26 /* AllAddress.storyboard in Resources */,
				003CE9B32A779393008D32FA /* CategoryTableViewCell.xib in Resources */,
				008CE6A22A80C06600454CED /* BottomSheet.storyboard in Resources */,
				0072560D2AA579C900C424EE /* ChangePassword.storyboard in Resources */,
				008CE6AE2A80D81200454CED /* Payment.storyboard in Resources */,
				008CE69F2A80ADC400454CED /* CartTableViewCell.xib in Resources */,
				0086FE402A96FE5700E41A19 /* AllProduct.storyboard in Resources */,
				007B0F622A70B2420034E7A5 /* LaunchScreen.storyboard in Resources */,
				007B0F8B2A70F8C40034E7A5 /* Home.storyboard in Resources */,
				00A74B422A72065500BB07B9 /* Detail.storyboard in Resources */,
				003CE9B72A7793A6008D32FA /* ProductTableViewCell.xib in Resources */,
				009486CE2AA1CC0100FA7955 /* UpdateProfile.storyboard in Resources */,
				007B0F5F2A70B2420034E7A5 /* Assets.xcassets in Resources */,
				007B0F992A71171D0034E7A5 /* ProductCollectionViewCell.xib in Resources */,
				008EE8B72A7B95F0002C44B9 /* ReviewTableViewCell.xib in Resources */,
				008CE6A82A80D72500454CED /* Address.storyboard in Resources */,
				008EE8B22A7B8FA8002C44B9 /* Review.storyboard in Resources */,
				007B0F5D2A70B2410034E7A5 /* Main.storyboard in Resources */,
				007B0F932A710A660034E7A5 /* CategoryCollectionViewCell.xib in Resources */,
				008EE8C42A7CAA24002C44B9 /* Poppins-SemiBold.ttf in Resources */,
				007B0F702A70B2F40034E7A5 /* Inter.ttf in Resources */,
				008EE8A82A7B88B8002C44B9 /* SizeCollectionViewCell.xib in Resources */,
				001859BF2A7A0895004EF0D5 /* DetailTableViewCell.xib in Resources */,
				0086FE462A9718F500E41A19 /* AllCategory.storyboard in Resources */,
				0008FF982A838CF30006BF26 /* AllAddressTableViewCell.xib in Resources */,
				008EE8C22A7CAA1C002C44B9 /* Poppins-Regular.ttf in Resources */,
			);
			runOnlyForDeploymentPostprocessing = 0;
		};
/* End PBXResourcesBuildPhase section */

/* Begin PBXShellScriptBuildPhase section */
		6BFEA9BF00B3766C16B1D926 /* [CP] Check Pods Manifest.lock */ = {
			isa = PBXShellScriptBuildPhase;
			buildActionMask = 2147483647;
			files = (
			);
			inputFileListPaths = (
			);
			inputPaths = (
				"${PODS_PODFILE_DIR_PATH}/Podfile.lock",
				"${PODS_ROOT}/Manifest.lock",
			);
			name = "[CP] Check Pods Manifest.lock";
			outputFileListPaths = (
			);
			outputPaths = (
				"$(DERIVED_FILE_DIR)/Pods-LazaProject-checkManifestLockResult.txt",
			);
			runOnlyForDeploymentPostprocessing = 0;
			shellPath = /bin/sh;
			shellScript = "diff \"${PODS_PODFILE_DIR_PATH}/Podfile.lock\" \"${PODS_ROOT}/Manifest.lock\" > /dev/null\nif [ $? != 0 ] ; then\n    # print error to STDERR\n    echo \"error: The sandbox is not in sync with the Podfile.lock. Run 'pod install' or update your CocoaPods installation.\" >&2\n    exit 1\nfi\n# This output is used by Xcode 'outputs' to avoid re-running this script phase.\necho \"SUCCESS\" > \"${SCRIPT_OUTPUT_FILE_0}\"\n";
			showEnvVarsInLog = 0;
		};
		869E5915EFD6A8D0A4445580 /* [CP] Embed Pods Frameworks */ = {
			isa = PBXShellScriptBuildPhase;
			buildActionMask = 2147483647;
			files = (
			);
			inputFileListPaths = (
				"${PODS_ROOT}/Target Support Files/Pods-LazaProject/Pods-LazaProject-frameworks-${CONFIGURATION}-input-files.xcfilelist",
			);
			name = "[CP] Embed Pods Frameworks";
			outputFileListPaths = (
				"${PODS_ROOT}/Target Support Files/Pods-LazaProject/Pods-LazaProject-frameworks-${CONFIGURATION}-output-files.xcfilelist",
			);
			runOnlyForDeploymentPostprocessing = 0;
			shellPath = /bin/sh;
			shellScript = "\"${PODS_ROOT}/Target Support Files/Pods-LazaProject/Pods-LazaProject-frameworks.sh\"\n";
			showEnvVarsInLog = 0;
		};
/* End PBXShellScriptBuildPhase section */

/* Begin PBXSourcesBuildPhase section */
		007B0F4E2A70B2410034E7A5 /* Sources */ = {
			isa = PBXSourcesBuildPhase;
			buildActionMask = 2147483647;
			files = (
				001859BE2A7A0895004EF0D5 /* DetailTableViewCell.swift in Sources */,
				0035172E2A91FC5A004D3CD1 /* AuthenticationModel.swift in Sources */,
				0046F08F2A9C552500FF339A /* SelectedBrandViewController.swift in Sources */,
				003517302A9204E1004D3CD1 /* VerificationCodeViewModel.swift in Sources */,
				006B4C8D2A756ED8001247C4 /* UserModel.swift in Sources */,
				008EE8BF2A7BA868002C44B9 /* AddReviewViewController.swift in Sources */,
				0086FE422A96FEAF00E41A19 /* AllProductViewController.swift in Sources */,
				00A8FDBC2A9318DB006FB87D /* DetailModel.swift in Sources */,
				0021A19B2A95E85400BDD4F9 /* UpdateProfileViewModel.swift in Sources */,
				006374702A910980003EC0EF /* VerifyAccountViewController.swift in Sources */,
				006374732A911655003EC0EF /* VerifyAccountViewModel.swift in Sources */,
				004678462A945DF2005C0E07 /* DateUtils.swift in Sources */,
				0072560F2AA579D900C424EE /* ChangePasswordViewModel.swift in Sources */,
				006B4C8B2A756A57001247C4 /* Regex.swift in Sources */,
				0035172C2A91FAA5004D3CD1 /* ForgetPasswordViewModel.swift in Sources */,
				0017F10C2AA6D7A6008E71A3 /* Endpoint.swift in Sources */,
				00EB8D512AA31EF400D9ADDC /* SetProfileViewController.swift in Sources */,
				006B4C7E2A753AE2001247C4 /* ProfileViewController.swift in Sources */,
				009486C72A9F26F500FA7955 /* CartViewModel.swift in Sources */,
				008CE69B2A809AB400454CED /* VerificationCodeViewController.swift in Sources */,
				0008FF9E2A8395470006BF26 /* SnackBar.swift in Sources */,
				0008FF7C2A823BA60006BF26 /* PaymentCollectionViewCell.swift in Sources */,
				003517322A926E74004D3CD1 /* NewPasswordViewModel.swift in Sources */,
				008EE8A72A7B88B8002C44B9 /* SizeCollectionViewCell.swift in Sources */,
				008CE6A52A80C0E000454CED /* BottomSheetViewController.swift in Sources */,
				008CE6B12A80D82800454CED /* PaymentViewController.swift in Sources */,
				009615422A94A5FC009200C7 /* WishlistViewModel.swift in Sources */,
				0021A19D2A95EFCD00BDD4F9 /* Media.swift in Sources */,
				0046784A2A94847D005C0E07 /* AddReviewViewModel.swift in Sources */,
				007B0F852A70D5BD0034E7A5 /* LoginViewController.swift in Sources */,
				007905012A8C9EA100FEBFF0 /* SessionManager.swift in Sources */,
				008EE8B62A7B95F0002C44B9 /* ReviewTableViewCell.swift in Sources */,
				0008FF972A838CF30006BF26 /* AllAddressTableViewCell.swift in Sources */,
				009320162A9D98C100B1E703 /* AddressViewModel.swift in Sources */,
				00A8FDBA2A930BA4006FB87D /* DetailViewModel.swift in Sources */,
				00A8FDB82A930487006FB87D /* HomeViewModel.swift in Sources */,
				0008FF7F2A8327AE0006BF26 /* UIViewExt.swift in Sources */,
				0072560B2AA579BB00C424EE /* ChangePasswordViewController.swift in Sources */,
				007B0F812A70CD430034E7A5 /* SignUpViewController.swift in Sources */,
				00A74B482A72468200BB07B9 /* WishlistViewController.swift in Sources */,
				008EE8A12A7B5C56002C44B9 /* AlertManager.swift in Sources */,
				007B0F8D2A70F8D50034E7A5 /* HomepageViewController.swift in Sources */,
				001859B52A78E6E7004EF0D5 /* IntrinsicTableView.swift in Sources */,
				008CE6952A80976F00454CED /* ForgetPasswordViewController.swift in Sources */,
				003CE9B62A7793A6008D32FA /* ProductTableViewCell.swift in Sources */,
				007B0F952A710E3C0034E7A5 /* ShopModel.swift in Sources */,
				0008FF932A8387010006BF26 /* AllAddressViewController.swift in Sources */,
				007B0F982A71171D0034E7A5 /* ProductCollectionViewCell.swift in Sources */,
				0086FE482A97190600E41A19 /* AllCategoryViewController.swift in Sources */,
				007904FC2A8B676300FEBFF0 /* LoginViewModel.swift in Sources */,
				007B0F562A70B2410034E7A5 /* AppDelegate.swift in Sources */,
				00A8FDC62A934DA2006FB87D /* UpdateProfileViewController.swift in Sources */,
				0086FE4B2A971BF400E41A19 /* AllCategoryCollectionViewCell.swift in Sources */,
				001859BB2A7A0478004EF0D5 /* SideMenuViewController.swift in Sources */,
				007B0F7D2A70CAD80034E7A5 /* ViewModel.swift in Sources */,
				009486C52A9EFA5100FA7955 /* UpdateAddressViewController.swift in Sources */,
				001859B72A78E737004EF0D5 /* DynamicHeightCollectionView.swift in Sources */,
				00EB8D532AA40A1C00D9ADDC /* RefreshTokenViewModel.swift in Sources */,
				008CE69E2A80ADC400454CED /* CartTableViewCell.swift in Sources */,
				008CE6AB2A80D73B00454CED /* AddressViewController.swift in Sources */,
				0090DFDB2A81DE5900150D9D /* OrderConfirmedViewController.swift in Sources */,
				007904FA2A8B339700FEBFF0 /* SignUpViewModel.swift in Sources */,
				006B4C892A7562AB001247C4 /* TwitterConstants.swift in Sources */,
				007B0F922A710A660034E7A5 /* CategoryCollectionViewCell.swift in Sources */,
				003CE9B22A779393008D32FA /* CategoryTableViewCell.swift in Sources */,
				00A74B442A72465100BB07B9 /* OrderViewController.swift in Sources */,
				007B0F582A70B2410034E7A5 /* SceneDelegate.swift in Sources */,
				0008FF792A822ADB0006BF26 /* AddNewCardViewController.swift in Sources */,
				007B0F892A70DF450034E7A5 /* NewPasswordViewController.swift in Sources */,
				00A74B402A72064300BB07B9 /* DetailViewController.swift in Sources */,
				008EE8AE2A7B8ED2002C44B9 /* ReviewViewController.swift in Sources */,
			);
			runOnlyForDeploymentPostprocessing = 0;
		};
/* End PBXSourcesBuildPhase section */

/* Begin PBXVariantGroup section */
		007B0F5B2A70B2410034E7A5 /* Main.storyboard */ = {
			isa = PBXVariantGroup;
			children = (
				007B0F5C2A70B2410034E7A5 /* Base */,
			);
			name = Main.storyboard;
			sourceTree = "<group>";
		};
		007B0F602A70B2420034E7A5 /* LaunchScreen.storyboard */ = {
			isa = PBXVariantGroup;
			children = (
				007B0F612A70B2420034E7A5 /* Base */,
			);
			name = LaunchScreen.storyboard;
			sourceTree = "<group>";
		};
/* End PBXVariantGroup section */

/* Begin XCBuildConfiguration section */
		007B0F642A70B2420034E7A5 /* Debug */ = {
			isa = XCBuildConfiguration;
			buildSettings = {
				ALWAYS_SEARCH_USER_PATHS = NO;
				CLANG_ANALYZER_NONNULL = YES;
				CLANG_ANALYZER_NUMBER_OBJECT_CONVERSION = YES_AGGRESSIVE;
				CLANG_CXX_LANGUAGE_STANDARD = "gnu++20";
				CLANG_ENABLE_MODULES = YES;
				CLANG_ENABLE_OBJC_ARC = YES;
				CLANG_ENABLE_OBJC_WEAK = YES;
				CLANG_WARN_BLOCK_CAPTURE_AUTORELEASING = YES;
				CLANG_WARN_BOOL_CONVERSION = YES;
				CLANG_WARN_COMMA = YES;
				CLANG_WARN_CONSTANT_CONVERSION = YES;
				CLANG_WARN_DEPRECATED_OBJC_IMPLEMENTATIONS = YES;
				CLANG_WARN_DIRECT_OBJC_ISA_USAGE = YES_ERROR;
				CLANG_WARN_DOCUMENTATION_COMMENTS = YES;
				CLANG_WARN_EMPTY_BODY = YES;
				CLANG_WARN_ENUM_CONVERSION = YES;
				CLANG_WARN_INFINITE_RECURSION = YES;
				CLANG_WARN_INT_CONVERSION = YES;
				CLANG_WARN_NON_LITERAL_NULL_CONVERSION = YES;
				CLANG_WARN_OBJC_IMPLICIT_RETAIN_SELF = YES;
				CLANG_WARN_OBJC_LITERAL_CONVERSION = YES;
				CLANG_WARN_OBJC_ROOT_CLASS = YES_ERROR;
				CLANG_WARN_QUOTED_INCLUDE_IN_FRAMEWORK_HEADER = YES;
				CLANG_WARN_RANGE_LOOP_ANALYSIS = YES;
				CLANG_WARN_STRICT_PROTOTYPES = YES;
				CLANG_WARN_SUSPICIOUS_MOVE = YES;
				CLANG_WARN_UNGUARDED_AVAILABILITY = YES_AGGRESSIVE;
				CLANG_WARN_UNREACHABLE_CODE = YES;
				CLANG_WARN__DUPLICATE_METHOD_MATCH = YES;
				COPY_PHASE_STRIP = NO;
				DEBUG_INFORMATION_FORMAT = dwarf;
				ENABLE_STRICT_OBJC_MSGSEND = YES;
				ENABLE_TESTABILITY = YES;
				GCC_C_LANGUAGE_STANDARD = gnu11;
				GCC_DYNAMIC_NO_PIC = NO;
				GCC_NO_COMMON_BLOCKS = YES;
				GCC_OPTIMIZATION_LEVEL = 0;
				GCC_PREPROCESSOR_DEFINITIONS = (
					"DEBUG=1",
					"$(inherited)",
				);
				GCC_WARN_64_TO_32_BIT_CONVERSION = YES;
				GCC_WARN_ABOUT_RETURN_TYPE = YES_ERROR;
				GCC_WARN_UNDECLARED_SELECTOR = YES;
				GCC_WARN_UNINITIALIZED_AUTOS = YES_AGGRESSIVE;
				GCC_WARN_UNUSED_FUNCTION = YES;
				GCC_WARN_UNUSED_VARIABLE = YES;
				IPHONEOS_DEPLOYMENT_TARGET = 16.4;
				MTL_ENABLE_DEBUG_INFO = INCLUDE_SOURCE;
				MTL_FAST_MATH = YES;
				ONLY_ACTIVE_ARCH = YES;
				SDKROOT = iphoneos;
				SWIFT_ACTIVE_COMPILATION_CONDITIONS = DEBUG;
				SWIFT_OPTIMIZATION_LEVEL = "-Onone";
			};
			name = Debug;
		};
		007B0F652A70B2420034E7A5 /* Release */ = {
			isa = XCBuildConfiguration;
			buildSettings = {
				ALWAYS_SEARCH_USER_PATHS = NO;
				CLANG_ANALYZER_NONNULL = YES;
				CLANG_ANALYZER_NUMBER_OBJECT_CONVERSION = YES_AGGRESSIVE;
				CLANG_CXX_LANGUAGE_STANDARD = "gnu++20";
				CLANG_ENABLE_MODULES = YES;
				CLANG_ENABLE_OBJC_ARC = YES;
				CLANG_ENABLE_OBJC_WEAK = YES;
				CLANG_WARN_BLOCK_CAPTURE_AUTORELEASING = YES;
				CLANG_WARN_BOOL_CONVERSION = YES;
				CLANG_WARN_COMMA = YES;
				CLANG_WARN_CONSTANT_CONVERSION = YES;
				CLANG_WARN_DEPRECATED_OBJC_IMPLEMENTATIONS = YES;
				CLANG_WARN_DIRECT_OBJC_ISA_USAGE = YES_ERROR;
				CLANG_WARN_DOCUMENTATION_COMMENTS = YES;
				CLANG_WARN_EMPTY_BODY = YES;
				CLANG_WARN_ENUM_CONVERSION = YES;
				CLANG_WARN_INFINITE_RECURSION = YES;
				CLANG_WARN_INT_CONVERSION = YES;
				CLANG_WARN_NON_LITERAL_NULL_CONVERSION = YES;
				CLANG_WARN_OBJC_IMPLICIT_RETAIN_SELF = YES;
				CLANG_WARN_OBJC_LITERAL_CONVERSION = YES;
				CLANG_WARN_OBJC_ROOT_CLASS = YES_ERROR;
				CLANG_WARN_QUOTED_INCLUDE_IN_FRAMEWORK_HEADER = YES;
				CLANG_WARN_RANGE_LOOP_ANALYSIS = YES;
				CLANG_WARN_STRICT_PROTOTYPES = YES;
				CLANG_WARN_SUSPICIOUS_MOVE = YES;
				CLANG_WARN_UNGUARDED_AVAILABILITY = YES_AGGRESSIVE;
				CLANG_WARN_UNREACHABLE_CODE = YES;
				CLANG_WARN__DUPLICATE_METHOD_MATCH = YES;
				COPY_PHASE_STRIP = NO;
				DEBUG_INFORMATION_FORMAT = "dwarf-with-dsym";
				ENABLE_NS_ASSERTIONS = NO;
				ENABLE_STRICT_OBJC_MSGSEND = YES;
				GCC_C_LANGUAGE_STANDARD = gnu11;
				GCC_NO_COMMON_BLOCKS = YES;
				GCC_WARN_64_TO_32_BIT_CONVERSION = YES;
				GCC_WARN_ABOUT_RETURN_TYPE = YES_ERROR;
				GCC_WARN_UNDECLARED_SELECTOR = YES;
				GCC_WARN_UNINITIALIZED_AUTOS = YES_AGGRESSIVE;
				GCC_WARN_UNUSED_FUNCTION = YES;
				GCC_WARN_UNUSED_VARIABLE = YES;
				IPHONEOS_DEPLOYMENT_TARGET = 16.4;
				MTL_ENABLE_DEBUG_INFO = NO;
				MTL_FAST_MATH = YES;
				SDKROOT = iphoneos;
				SWIFT_COMPILATION_MODE = wholemodule;
				SWIFT_OPTIMIZATION_LEVEL = "-O";
				VALIDATE_PRODUCT = YES;
			};
			name = Release;
		};
		007B0F672A70B2420034E7A5 /* Debug */ = {
			isa = XCBuildConfiguration;
			baseConfigurationReference = 45DF13E549F75DF86E2D602A /* Pods-LazaProject.debug.xcconfig */;
			buildSettings = {
				ASSETCATALOG_COMPILER_APPICON_NAME = AppIcon;
				ASSETCATALOG_COMPILER_GLOBAL_ACCENT_COLOR_NAME = AccentColor;
				CODE_SIGN_ENTITLEMENTS = LazaProject/LazaProject.entitlements;
				CODE_SIGN_STYLE = Automatic;
				CURRENT_PROJECT_VERSION = 1;
				DEVELOPMENT_TEAM = W6HK24QZS4;
				GENERATE_INFOPLIST_FILE = YES;
				INFOPLIST_FILE = LazaProject/Info.plist;
				INFOPLIST_KEY_UIApplicationSupportsIndirectInputEvents = YES;
				INFOPLIST_KEY_UILaunchStoryboardName = LaunchScreen;
				INFOPLIST_KEY_UIMainStoryboardFile = Main;
				INFOPLIST_KEY_UISupportedInterfaceOrientations_iPad = "UIInterfaceOrientationPortrait UIInterfaceOrientationPortraitUpsideDown UIInterfaceOrientationLandscapeLeft UIInterfaceOrientationLandscapeRight";
				INFOPLIST_KEY_UISupportedInterfaceOrientations_iPhone = "UIInterfaceOrientationPortrait UIInterfaceOrientationLandscapeLeft UIInterfaceOrientationLandscapeRight";
				LD_RUNPATH_SEARCH_PATHS = (
					"$(inherited)",
					"@executable_path/Frameworks",
				);
				MARKETING_VERSION = 1.0;
				PRODUCT_BUNDLE_IDENTIFIER = com.phincon.www.LazaProject;
				PRODUCT_NAME = "$(TARGET_NAME)";
				SWIFT_EMIT_LOC_STRINGS = YES;
				SWIFT_VERSION = 5.0;
				TARGETED_DEVICE_FAMILY = "1,2";
			};
			name = Debug;
		};
		007B0F682A70B2420034E7A5 /* Release */ = {
			isa = XCBuildConfiguration;
			baseConfigurationReference = A9331842E129E531B4941251 /* Pods-LazaProject.release.xcconfig */;
			buildSettings = {
				ASSETCATALOG_COMPILER_APPICON_NAME = AppIcon;
				ASSETCATALOG_COMPILER_GLOBAL_ACCENT_COLOR_NAME = AccentColor;
				CODE_SIGN_ENTITLEMENTS = LazaProject/LazaProject.entitlements;
				CODE_SIGN_STYLE = Automatic;
				CURRENT_PROJECT_VERSION = 1;
				DEVELOPMENT_TEAM = W6HK24QZS4;
				GENERATE_INFOPLIST_FILE = YES;
				INFOPLIST_FILE = LazaProject/Info.plist;
				INFOPLIST_KEY_UIApplicationSupportsIndirectInputEvents = YES;
				INFOPLIST_KEY_UILaunchStoryboardName = LaunchScreen;
				INFOPLIST_KEY_UIMainStoryboardFile = Main;
				INFOPLIST_KEY_UISupportedInterfaceOrientations_iPad = "UIInterfaceOrientationPortrait UIInterfaceOrientationPortraitUpsideDown UIInterfaceOrientationLandscapeLeft UIInterfaceOrientationLandscapeRight";
				INFOPLIST_KEY_UISupportedInterfaceOrientations_iPhone = "UIInterfaceOrientationPortrait UIInterfaceOrientationLandscapeLeft UIInterfaceOrientationLandscapeRight";
				LD_RUNPATH_SEARCH_PATHS = (
					"$(inherited)",
					"@executable_path/Frameworks",
				);
				MARKETING_VERSION = 1.0;
				PRODUCT_BUNDLE_IDENTIFIER = com.phincon.www.LazaProject;
				PRODUCT_NAME = "$(TARGET_NAME)";
				SWIFT_EMIT_LOC_STRINGS = YES;
				SWIFT_VERSION = 5.0;
				TARGETED_DEVICE_FAMILY = "1,2";
			};
			name = Release;
		};
/* End XCBuildConfiguration section */

/* Begin XCConfigurationList section */
		007B0F4D2A70B2410034E7A5 /* Build configuration list for PBXProject "LazaProject" */ = {
			isa = XCConfigurationList;
			buildConfigurations = (
				007B0F642A70B2420034E7A5 /* Debug */,
				007B0F652A70B2420034E7A5 /* Release */,
			);
			defaultConfigurationIsVisible = 0;
			defaultConfigurationName = Release;
		};
		007B0F662A70B2420034E7A5 /* Build configuration list for PBXNativeTarget "LazaProject" */ = {
			isa = XCConfigurationList;
			buildConfigurations = (
				007B0F672A70B2420034E7A5 /* Debug */,
				007B0F682A70B2420034E7A5 /* Release */,
			);
			defaultConfigurationIsVisible = 0;
			defaultConfigurationName = Release;
		};
/* End XCConfigurationList section */

/* Begin XCRemoteSwiftPackageReference section */
		0008FF9A2A8394C50006BF26 /* XCRemoteSwiftPackageReference "SnackBar" */ = {
			isa = XCRemoteSwiftPackageReference;
			repositoryURL = "https://github.com/ahmedAlmasri/SnackBar.swift";
			requirement = {
				kind = upToNextMajorVersion;
				minimumVersion = 0.1.2;
			};
		};
		003CE9742A776326008D32FA /* XCRemoteSwiftPackageReference "SideMenu" */ = {
			isa = XCRemoteSwiftPackageReference;
			repositoryURL = "https://github.com/jonkykong/SideMenu";
			requirement = {
				kind = upToNextMajorVersion;
				minimumVersion = 6.0.0;
			};
		};
		006B4C7F2A755460001247C4 /* XCRemoteSwiftPackageReference "facebook-ios-sdk" */ = {
			isa = XCRemoteSwiftPackageReference;
			repositoryURL = "https://github.com/facebook/facebook-ios-sdk";
			requirement = {
				kind = upToNextMajorVersion;
				minimumVersion = 14.0.0;
			};
		};
		006B4C852A756056001247C4 /* XCRemoteSwiftPackageReference "Swifter" */ = {
			isa = XCRemoteSwiftPackageReference;
			repositoryURL = "https://github.com/mattdonnelly/Swifter";
			requirement = {
				kind = upToNextMajorVersion;
				minimumVersion = 2.0.0;
			};
		};
		007904FD2A8C7D2800FEBFF0 /* XCRemoteSwiftPackageReference "DPOTPView" */ = {
			isa = XCRemoteSwiftPackageReference;
			repositoryURL = "https://github.com/Datt1994/DPOTPView.git";
			requirement = {
				kind = upToNextMajorVersion;
				minimumVersion = 1.0.0;
			};
		};
		007B0F9A2A7124E10034E7A5 /* XCRemoteSwiftPackageReference "SDWebImage" */ = {
			isa = XCRemoteSwiftPackageReference;
			repositoryURL = "https://github.com/SDWebImage/SDWebImage.git";
			requirement = {
				kind = upToNextMajorVersion;
				minimumVersion = 5.0.0;
			};
		};
		0086FE392A96F37300E41A19 /* XCRemoteSwiftPackageReference "GoogleSignIn-iOS" */ = {
			isa = XCRemoteSwiftPackageReference;
			repositoryURL = "https://github.com/google/GoogleSignIn-iOS.git";
			requirement = {
				kind = upToNextMajorVersion;
				minimumVersion = 7.0.0;
			};
		};
		009486C82AA19C9D00FA7955 /* XCRemoteSwiftPackageReference "SkeletonView" */ = {
			isa = XCRemoteSwiftPackageReference;
			repositoryURL = "https://github.com/Juanpe/SkeletonView.git";
			requirement = {
				kind = upToNextMajorVersion;
				minimumVersion = 1.0.0;
			};
		};
		00A8FDB42A92FD51006FB87D /* XCRemoteSwiftPackageReference "JWTDecode" */ = {
			isa = XCRemoteSwiftPackageReference;
			repositoryURL = "https://github.com/auth0/JWTDecode.swift";
			requirement = {
				kind = upToNextMajorVersion;
				minimumVersion = 3.0.0;
			};
		};
/* End XCRemoteSwiftPackageReference section */

/* Begin XCSwiftPackageProductDependency section */
		0008FF9B2A8394C50006BF26 /* SnackBar */ = {
			isa = XCSwiftPackageProductDependency;
			package = 0008FF9A2A8394C50006BF26 /* XCRemoteSwiftPackageReference "SnackBar" */;
			productName = SnackBar;
		};
		003CE9752A776326008D32FA /* SideMenu */ = {
			isa = XCSwiftPackageProductDependency;
			package = 003CE9742A776326008D32FA /* XCRemoteSwiftPackageReference "SideMenu" */;
			productName = SideMenu;
		};
		006B4C802A755460001247C4 /* FacebookCore */ = {
			isa = XCSwiftPackageProductDependency;
			package = 006B4C7F2A755460001247C4 /* XCRemoteSwiftPackageReference "facebook-ios-sdk" */;
			productName = FacebookCore;
		};
		006B4C822A755460001247C4 /* FacebookLogin */ = {
			isa = XCSwiftPackageProductDependency;
			package = 006B4C7F2A755460001247C4 /* XCRemoteSwiftPackageReference "facebook-ios-sdk" */;
			productName = FacebookLogin;
		};
		006B4C862A756057001247C4 /* Swifter */ = {
			isa = XCSwiftPackageProductDependency;
			package = 006B4C852A756056001247C4 /* XCRemoteSwiftPackageReference "Swifter" */;
			productName = Swifter;
		};
		007904FE2A8C7D2800FEBFF0 /* DPOTPView */ = {
			isa = XCSwiftPackageProductDependency;
			package = 007904FD2A8C7D2800FEBFF0 /* XCRemoteSwiftPackageReference "DPOTPView" */;
			productName = DPOTPView;
		};
		007B0F9B2A7124E10034E7A5 /* SDWebImage */ = {
			isa = XCSwiftPackageProductDependency;
			package = 007B0F9A2A7124E10034E7A5 /* XCRemoteSwiftPackageReference "SDWebImage" */;
			productName = SDWebImage;
		};
		007B0F9D2A7124E10034E7A5 /* SDWebImageMapKit */ = {
			isa = XCSwiftPackageProductDependency;
			package = 007B0F9A2A7124E10034E7A5 /* XCRemoteSwiftPackageReference "SDWebImage" */;
			productName = SDWebImageMapKit;
		};
		0086FE3A2A96F37300E41A19 /* GoogleSignIn */ = {
			isa = XCSwiftPackageProductDependency;
			package = 0086FE392A96F37300E41A19 /* XCRemoteSwiftPackageReference "GoogleSignIn-iOS" */;
			productName = GoogleSignIn;
		};
		0086FE3C2A96F37300E41A19 /* GoogleSignInSwift */ = {
			isa = XCSwiftPackageProductDependency;
			package = 0086FE392A96F37300E41A19 /* XCRemoteSwiftPackageReference "GoogleSignIn-iOS" */;
			productName = GoogleSignInSwift;
		};
		009486C92AA19C9D00FA7955 /* SkeletonView */ = {
			isa = XCSwiftPackageProductDependency;
			package = 009486C82AA19C9D00FA7955 /* XCRemoteSwiftPackageReference "SkeletonView" */;
			productName = SkeletonView;
		};
		00A8FDB52A92FD51006FB87D /* JWTDecode */ = {
			isa = XCSwiftPackageProductDependency;
			package = 00A8FDB42A92FD51006FB87D /* XCRemoteSwiftPackageReference "JWTDecode" */;
			productName = JWTDecode;
		};
/* End XCSwiftPackageProductDependency section */
	};
	rootObject = 007B0F4A2A70B2410034E7A5 /* Project object */;
}
