// !$*UTF8*$!
{
	archiveVersion = 1;
	classes = {
	};
	objectVersion = 56;
	objects = {

/* Begin PBXBuildFile section */
		007B0F562A70B2410034E7A5 /* AppDelegate.swift in Sources */ = {isa = PBXBuildFile; fileRef = 007B0F552A70B2410034E7A5 /* AppDelegate.swift */; };
		007B0F582A70B2410034E7A5 /* SceneDelegate.swift in Sources */ = {isa = PBXBuildFile; fileRef = 007B0F572A70B2410034E7A5 /* SceneDelegate.swift */; };
		007B0F5A2A70B2410034E7A5 /* ViewController.swift in Sources */ = {isa = PBXBuildFile; fileRef = 007B0F592A70B2410034E7A5 /* ViewController.swift */; };
		007B0F5D2A70B2410034E7A5 /* Main.storyboard in Resources */ = {isa = PBXBuildFile; fileRef = 007B0F5B2A70B2410034E7A5 /* Main.storyboard */; };
		007B0F5F2A70B2420034E7A5 /* Assets.xcassets in Resources */ = {isa = PBXBuildFile; fileRef = 007B0F5E2A70B2420034E7A5 /* Assets.xcassets */; };
		007B0F622A70B2420034E7A5 /* LaunchScreen.storyboard in Resources */ = {isa = PBXBuildFile; fileRef = 007B0F602A70B2420034E7A5 /* LaunchScreen.storyboard */; };
		007B0F702A70B2F40034E7A5 /* Inter.ttf in Resources */ = {isa = PBXBuildFile; fileRef = 007B0F6F2A70B2F40034E7A5 /* Inter.ttf */; };
		007B0F722A70B3030034E7A5 /* UIViewExt.swift in Sources */ = {isa = PBXBuildFile; fileRef = 007B0F712A70B3030034E7A5 /* UIViewExt.swift */; };
		007B0F792A70BF560034E7A5 /* StartedViewController.storyboard in Resources */ = {isa = PBXBuildFile; fileRef = 007B0F782A70BF560034E7A5 /* StartedViewController.storyboard */; };
		007B0F7B2A70BF960034E7A5 /* StartedViewController.swift in Sources */ = {isa = PBXBuildFile; fileRef = 007B0F7A2A70BF960034E7A5 /* StartedViewController.swift */; };
		007B0F7D2A70CAD80034E7A5 /* ViewModel.swift in Sources */ = {isa = PBXBuildFile; fileRef = 007B0F7C2A70CAD80034E7A5 /* ViewModel.swift */; };
		007B0F7F2A70CD350034E7A5 /* SignUpViewController.storyboard in Resources */ = {isa = PBXBuildFile; fileRef = 007B0F7E2A70CD350034E7A5 /* SignUpViewController.storyboard */; };
		007B0F812A70CD430034E7A5 /* SignUpViewController.swift in Sources */ = {isa = PBXBuildFile; fileRef = 007B0F802A70CD430034E7A5 /* SignUpViewController.swift */; };
		007B0F832A70D5A30034E7A5 /* WelcomeViewController.storyboard in Resources */ = {isa = PBXBuildFile; fileRef = 007B0F822A70D5A30034E7A5 /* WelcomeViewController.storyboard */; };
		007B0F852A70D5BD0034E7A5 /* WelcomeViewController.swift in Sources */ = {isa = PBXBuildFile; fileRef = 007B0F842A70D5BD0034E7A5 /* WelcomeViewController.swift */; };
		007B0F872A70DF340034E7A5 /* NewPasswordViewController.storyboard in Resources */ = {isa = PBXBuildFile; fileRef = 007B0F862A70DF340034E7A5 /* NewPasswordViewController.storyboard */; };
		007B0F892A70DF450034E7A5 /* NewPasswordViewController.swift in Sources */ = {isa = PBXBuildFile; fileRef = 007B0F882A70DF450034E7A5 /* NewPasswordViewController.swift */; };
		007B0F8B2A70F8C40034E7A5 /* HomepageViewController.storyboard in Resources */ = {isa = PBXBuildFile; fileRef = 007B0F8A2A70F8C40034E7A5 /* HomepageViewController.storyboard */; };
		007B0F8D2A70F8D50034E7A5 /* HomepageViewController.swift in Sources */ = {isa = PBXBuildFile; fileRef = 007B0F8C2A70F8D50034E7A5 /* HomepageViewController.swift */; };
		007B0F922A710A660034E7A5 /* CategoryCollectionViewCell.swift in Sources */ = {isa = PBXBuildFile; fileRef = 007B0F902A710A660034E7A5 /* CategoryCollectionViewCell.swift */; };
		007B0F932A710A660034E7A5 /* CategoryCollectionViewCell.xib in Resources */ = {isa = PBXBuildFile; fileRef = 007B0F912A710A660034E7A5 /* CategoryCollectionViewCell.xib */; };
		007B0F952A710E3C0034E7A5 /* ShopModel.swift in Sources */ = {isa = PBXBuildFile; fileRef = 007B0F942A710E3C0034E7A5 /* ShopModel.swift */; };
		007B0F982A71171D0034E7A5 /* ProductCollectionViewCell.swift in Sources */ = {isa = PBXBuildFile; fileRef = 007B0F962A71171D0034E7A5 /* ProductCollectionViewCell.swift */; };
		007B0F992A71171D0034E7A5 /* ProductCollectionViewCell.xib in Resources */ = {isa = PBXBuildFile; fileRef = 007B0F972A71171D0034E7A5 /* ProductCollectionViewCell.xib */; };
		007B0F9C2A7124E10034E7A5 /* SDWebImage in Frameworks */ = {isa = PBXBuildFile; productRef = 007B0F9B2A7124E10034E7A5 /* SDWebImage */; };
		007B0F9E2A7124E10034E7A5 /* SDWebImageMapKit in Frameworks */ = {isa = PBXBuildFile; productRef = 007B0F9D2A7124E10034E7A5 /* SDWebImageMapKit */; };
		00A74B402A72064300BB07B9 /* DetailViewController.swift in Sources */ = {isa = PBXBuildFile; fileRef = 00A74B3F2A72064300BB07B9 /* DetailViewController.swift */; };
		00A74B422A72065500BB07B9 /* DetailViewController.storyboard in Resources */ = {isa = PBXBuildFile; fileRef = 00A74B412A72065500BB07B9 /* DetailViewController.storyboard */; };
		00A74B442A72465100BB07B9 /* OrderViewController.swift in Sources */ = {isa = PBXBuildFile; fileRef = 00A74B432A72465100BB07B9 /* OrderViewController.swift */; };
		00A74B462A72467500BB07B9 /* MyCardViewController.swift in Sources */ = {isa = PBXBuildFile; fileRef = 00A74B452A72467500BB07B9 /* MyCardViewController.swift */; };
		00A74B482A72468200BB07B9 /* WishlistViewController.swift in Sources */ = {isa = PBXBuildFile; fileRef = 00A74B472A72468200BB07B9 /* WishlistViewController.swift */; };
/* End PBXBuildFile section */

/* Begin PBXFileReference section */
		007B0F522A70B2410034E7A5 /* LazaProject.app */ = {isa = PBXFileReference; explicitFileType = wrapper.application; includeInIndex = 0; path = LazaProject.app; sourceTree = BUILT_PRODUCTS_DIR; };
		007B0F552A70B2410034E7A5 /* AppDelegate.swift */ = {isa = PBXFileReference; lastKnownFileType = sourcecode.swift; path = AppDelegate.swift; sourceTree = "<group>"; };
		007B0F572A70B2410034E7A5 /* SceneDelegate.swift */ = {isa = PBXFileReference; lastKnownFileType = sourcecode.swift; path = SceneDelegate.swift; sourceTree = "<group>"; };
		007B0F592A70B2410034E7A5 /* ViewController.swift */ = {isa = PBXFileReference; lastKnownFileType = sourcecode.swift; path = ViewController.swift; sourceTree = "<group>"; };
		007B0F5C2A70B2410034E7A5 /* Base */ = {isa = PBXFileReference; lastKnownFileType = file.storyboard; name = Base; path = Base.lproj/Main.storyboard; sourceTree = "<group>"; };
		007B0F5E2A70B2420034E7A5 /* Assets.xcassets */ = {isa = PBXFileReference; lastKnownFileType = folder.assetcatalog; path = Assets.xcassets; sourceTree = "<group>"; };
		007B0F612A70B2420034E7A5 /* Base */ = {isa = PBXFileReference; lastKnownFileType = file.storyboard; name = Base; path = Base.lproj/LaunchScreen.storyboard; sourceTree = "<group>"; };
		007B0F632A70B2420034E7A5 /* Info.plist */ = {isa = PBXFileReference; lastKnownFileType = text.plist.xml; path = Info.plist; sourceTree = "<group>"; };
		007B0F6F2A70B2F40034E7A5 /* Inter.ttf */ = {isa = PBXFileReference; lastKnownFileType = file; name = Inter.ttf; path = ../../../../../../../Downloads/Inter/Inter.ttf; sourceTree = "<group>"; };
		007B0F712A70B3030034E7A5 /* UIViewExt.swift */ = {isa = PBXFileReference; fileEncoding = 4; lastKnownFileType = sourcecode.swift; name = UIViewExt.swift; path = ../../../Laza/Laza/Extension/UIViewExt.swift; sourceTree = "<group>"; };
		007B0F782A70BF560034E7A5 /* StartedViewController.storyboard */ = {isa = PBXFileReference; lastKnownFileType = file.storyboard; path = StartedViewController.storyboard; sourceTree = "<group>"; };
		007B0F7A2A70BF960034E7A5 /* StartedViewController.swift */ = {isa = PBXFileReference; lastKnownFileType = sourcecode.swift; path = StartedViewController.swift; sourceTree = "<group>"; };
		007B0F7C2A70CAD80034E7A5 /* ViewModel.swift */ = {isa = PBXFileReference; lastKnownFileType = sourcecode.swift; path = ViewModel.swift; sourceTree = "<group>"; };
		007B0F7E2A70CD350034E7A5 /* SignUpViewController.storyboard */ = {isa = PBXFileReference; lastKnownFileType = file.storyboard; path = SignUpViewController.storyboard; sourceTree = "<group>"; };
		007B0F802A70CD430034E7A5 /* SignUpViewController.swift */ = {isa = PBXFileReference; lastKnownFileType = sourcecode.swift; path = SignUpViewController.swift; sourceTree = "<group>"; };
		007B0F822A70D5A30034E7A5 /* WelcomeViewController.storyboard */ = {isa = PBXFileReference; lastKnownFileType = file.storyboard; path = WelcomeViewController.storyboard; sourceTree = "<group>"; };
		007B0F842A70D5BD0034E7A5 /* WelcomeViewController.swift */ = {isa = PBXFileReference; lastKnownFileType = sourcecode.swift; path = WelcomeViewController.swift; sourceTree = "<group>"; };
		007B0F862A70DF340034E7A5 /* NewPasswordViewController.storyboard */ = {isa = PBXFileReference; lastKnownFileType = file.storyboard; path = NewPasswordViewController.storyboard; sourceTree = "<group>"; };
		007B0F882A70DF450034E7A5 /* NewPasswordViewController.swift */ = {isa = PBXFileReference; lastKnownFileType = sourcecode.swift; path = NewPasswordViewController.swift; sourceTree = "<group>"; };
		007B0F8A2A70F8C40034E7A5 /* HomepageViewController.storyboard */ = {isa = PBXFileReference; lastKnownFileType = file.storyboard; path = HomepageViewController.storyboard; sourceTree = "<group>"; };
		007B0F8C2A70F8D50034E7A5 /* HomepageViewController.swift */ = {isa = PBXFileReference; lastKnownFileType = sourcecode.swift; path = HomepageViewController.swift; sourceTree = "<group>"; };
		007B0F902A710A660034E7A5 /* CategoryCollectionViewCell.swift */ = {isa = PBXFileReference; lastKnownFileType = sourcecode.swift; path = CategoryCollectionViewCell.swift; sourceTree = "<group>"; };
		007B0F912A710A660034E7A5 /* CategoryCollectionViewCell.xib */ = {isa = PBXFileReference; lastKnownFileType = file.xib; path = CategoryCollectionViewCell.xib; sourceTree = "<group>"; };
		007B0F942A710E3C0034E7A5 /* ShopModel.swift */ = {isa = PBXFileReference; lastKnownFileType = sourcecode.swift; path = ShopModel.swift; sourceTree = "<group>"; };
		007B0F962A71171D0034E7A5 /* ProductCollectionViewCell.swift */ = {isa = PBXFileReference; lastKnownFileType = sourcecode.swift; path = ProductCollectionViewCell.swift; sourceTree = "<group>"; };
		007B0F972A71171D0034E7A5 /* ProductCollectionViewCell.xib */ = {isa = PBXFileReference; lastKnownFileType = file.xib; path = ProductCollectionViewCell.xib; sourceTree = "<group>"; };
		00A74B3F2A72064300BB07B9 /* DetailViewController.swift */ = {isa = PBXFileReference; lastKnownFileType = sourcecode.swift; path = DetailViewController.swift; sourceTree = "<group>"; };
		00A74B412A72065500BB07B9 /* DetailViewController.storyboard */ = {isa = PBXFileReference; lastKnownFileType = file.storyboard; path = DetailViewController.storyboard; sourceTree = "<group>"; };
		00A74B432A72465100BB07B9 /* OrderViewController.swift */ = {isa = PBXFileReference; lastKnownFileType = sourcecode.swift; path = OrderViewController.swift; sourceTree = "<group>"; };
		00A74B452A72467500BB07B9 /* MyCardViewController.swift */ = {isa = PBXFileReference; lastKnownFileType = sourcecode.swift; path = MyCardViewController.swift; sourceTree = "<group>"; };
		00A74B472A72468200BB07B9 /* WishlistViewController.swift */ = {isa = PBXFileReference; lastKnownFileType = sourcecode.swift; path = WishlistViewController.swift; sourceTree = "<group>"; };
/* End PBXFileReference section */

/* Begin PBXFrameworksBuildPhase section */
		007B0F4F2A70B2410034E7A5 /* Frameworks */ = {
			isa = PBXFrameworksBuildPhase;
			buildActionMask = 2147483647;
			files = (
				007B0F9E2A7124E10034E7A5 /* SDWebImageMapKit in Frameworks */,
				007B0F9C2A7124E10034E7A5 /* SDWebImage in Frameworks */,
			);
			runOnlyForDeploymentPostprocessing = 0;
		};
/* End PBXFrameworksBuildPhase section */

/* Begin PBXGroup section */
		007B0F492A70B2410034E7A5 = {
			isa = PBXGroup;
			children = (
				007B0F542A70B2410034E7A5 /* LazaProject */,
				007B0F532A70B2410034E7A5 /* Products */,
			);
			sourceTree = "<group>";
		};
		007B0F532A70B2410034E7A5 /* Products */ = {
			isa = PBXGroup;
			children = (
				007B0F522A70B2410034E7A5 /* LazaProject.app */,
			);
			name = Products;
			sourceTree = "<group>";
		};
		007B0F542A70B2410034E7A5 /* LazaProject */ = {
			isa = PBXGroup;
			children = (
				007B0F732A70B85E0034E7A5 /* Controller */,
				007B0F6E2A70B2CA0034E7A5 /* Font */,
				007B0F6D2A70B2C50034E7A5 /* Base */,
				007B0F6C2A70B2BD0034E7A5 /* Model */,
				007B0F6B2A70B2AD0034E7A5 /* ViewModel */,
				007B0F6A2A70B2A30034E7A5 /* View */,
				007B0F692A70B2970034E7A5 /* Extension */,
				007B0F5E2A70B2420034E7A5 /* Assets.xcassets */,
				007B0F632A70B2420034E7A5 /* Info.plist */,
			);
			path = LazaProject;
			sourceTree = "<group>";
		};
		007B0F692A70B2970034E7A5 /* Extension */ = {
			isa = PBXGroup;
			children = (
				007B0F712A70B3030034E7A5 /* UIViewExt.swift */,
			);
			path = Extension;
			sourceTree = "<group>";
		};
		007B0F6A2A70B2A30034E7A5 /* View */ = {
			isa = PBXGroup;
			children = (
				007B0F8E2A7109630034E7A5 /* Cell */,
				007B0F602A70B2420034E7A5 /* LaunchScreen.storyboard */,
				007B0F782A70BF560034E7A5 /* StartedViewController.storyboard */,
				007B0F7E2A70CD350034E7A5 /* SignUpViewController.storyboard */,
				007B0F822A70D5A30034E7A5 /* WelcomeViewController.storyboard */,
				007B0F862A70DF340034E7A5 /* NewPasswordViewController.storyboard */,
				007B0F8A2A70F8C40034E7A5 /* HomepageViewController.storyboard */,
				00A74B412A72065500BB07B9 /* DetailViewController.storyboard */,
				007B0F5B2A70B2410034E7A5 /* Main.storyboard */,
			);
			path = View;
			sourceTree = "<group>";
		};
		007B0F6B2A70B2AD0034E7A5 /* ViewModel */ = {
			isa = PBXGroup;
			children = (
				007B0F7C2A70CAD80034E7A5 /* ViewModel.swift */,
			);
			path = ViewModel;
			sourceTree = "<group>";
		};
		007B0F6C2A70B2BD0034E7A5 /* Model */ = {
			isa = PBXGroup;
			children = (
				007B0F942A710E3C0034E7A5 /* ShopModel.swift */,
			);
			path = Model;
			sourceTree = "<group>";
		};
		007B0F6D2A70B2C50034E7A5 /* Base */ = {
			isa = PBXGroup;
			children = (
				007B0F572A70B2410034E7A5 /* SceneDelegate.swift */,
				007B0F552A70B2410034E7A5 /* AppDelegate.swift */,
			);
			path = Base;
			sourceTree = "<group>";
		};
		007B0F6E2A70B2CA0034E7A5 /* Font */ = {
			isa = PBXGroup;
			children = (
				007B0F6F2A70B2F40034E7A5 /* Inter.ttf */,
			);
			path = Font;
			sourceTree = "<group>";
		};
		007B0F732A70B85E0034E7A5 /* Controller */ = {
			isa = PBXGroup;
			children = (
				007B0F8F2A7109690034E7A5 /* Cell */,
				007B0F592A70B2410034E7A5 /* ViewController.swift */,
				007B0F7A2A70BF960034E7A5 /* StartedViewController.swift */,
				007B0F802A70CD430034E7A5 /* SignUpViewController.swift */,
				007B0F842A70D5BD0034E7A5 /* WelcomeViewController.swift */,
				007B0F882A70DF450034E7A5 /* NewPasswordViewController.swift */,
				007B0F8C2A70F8D50034E7A5 /* HomepageViewController.swift */,
				00A74B3F2A72064300BB07B9 /* DetailViewController.swift */,
				00A74B432A72465100BB07B9 /* OrderViewController.swift */,
				00A74B452A72467500BB07B9 /* MyCardViewController.swift */,
				00A74B472A72468200BB07B9 /* WishlistViewController.swift */,
			);
			path = Controller;
			sourceTree = "<group>";
		};
		007B0F8E2A7109630034E7A5 /* Cell */ = {
			isa = PBXGroup;
			children = (
				007B0F972A71171D0034E7A5 /* ProductCollectionViewCell.xib */,
				007B0F912A710A660034E7A5 /* CategoryCollectionViewCell.xib */,
			);
			path = Cell;
			sourceTree = "<group>";
		};
		007B0F8F2A7109690034E7A5 /* Cell */ = {
			isa = PBXGroup;
			children = (
				007B0F962A71171D0034E7A5 /* ProductCollectionViewCell.swift */,
				007B0F902A710A660034E7A5 /* CategoryCollectionViewCell.swift */,
			);
			path = Cell;
			sourceTree = "<group>";
		};
/* End PBXGroup section */

/* Begin PBXNativeTarget section */
		007B0F512A70B2410034E7A5 /* LazaProject */ = {
			isa = PBXNativeTarget;
			buildConfigurationList = 007B0F662A70B2420034E7A5 /* Build configuration list for PBXNativeTarget "LazaProject" */;
			buildPhases = (
				007B0F4E2A70B2410034E7A5 /* Sources */,
				007B0F4F2A70B2410034E7A5 /* Frameworks */,
				007B0F502A70B2410034E7A5 /* Resources */,
			);
			buildRules = (
			);
			dependencies = (
			);
			name = LazaProject;
			packageProductDependencies = (
				007B0F9B2A7124E10034E7A5 /* SDWebImage */,
				007B0F9D2A7124E10034E7A5 /* SDWebImageMapKit */,
			);
			productName = LazaProject;
			productReference = 007B0F522A70B2410034E7A5 /* LazaProject.app */;
			productType = "com.apple.product-type.application";
		};
/* End PBXNativeTarget section */

/* Begin PBXProject section */
		007B0F4A2A70B2410034E7A5 /* Project object */ = {
			isa = PBXProject;
			attributes = {
				BuildIndependentTargetsInParallel = 1;
				LastSwiftUpdateCheck = 1430;
				LastUpgradeCheck = 1430;
				TargetAttributes = {
					007B0F512A70B2410034E7A5 = {
						CreatedOnToolsVersion = 14.3.1;
					};
				};
			};
			buildConfigurationList = 007B0F4D2A70B2410034E7A5 /* Build configuration list for PBXProject "LazaProject" */;
			compatibilityVersion = "Xcode 14.0";
			developmentRegion = en;
			hasScannedForEncodings = 0;
			knownRegions = (
				en,
				Base,
			);
			mainGroup = 007B0F492A70B2410034E7A5;
			packageReferences = (
				007B0F9A2A7124E10034E7A5 /* XCRemoteSwiftPackageReference "SDWebImage" */,
			);
			productRefGroup = 007B0F532A70B2410034E7A5 /* Products */;
			projectDirPath = "";
			projectRoot = "";
			targets = (
				007B0F512A70B2410034E7A5 /* LazaProject */,
			);
		};
/* End PBXProject section */

/* Begin PBXResourcesBuildPhase section */
		007B0F502A70B2410034E7A5 /* Resources */ = {
			isa = PBXResourcesBuildPhase;
			buildActionMask = 2147483647;
			files = (
				007B0F7F2A70CD350034E7A5 /* SignUpViewController.storyboard in Resources */,
				007B0F622A70B2420034E7A5 /* LaunchScreen.storyboard in Resources */,
				007B0F792A70BF560034E7A5 /* StartedViewController.storyboard in Resources */,
				007B0F8B2A70F8C40034E7A5 /* HomepageViewController.storyboard in Resources */,
				00A74B422A72065500BB07B9 /* DetailViewController.storyboard in Resources */,
				007B0F5F2A70B2420034E7A5 /* Assets.xcassets in Resources */,
				007B0F992A71171D0034E7A5 /* ProductCollectionViewCell.xib in Resources */,
				007B0F5D2A70B2410034E7A5 /* Main.storyboard in Resources */,
				007B0F932A710A660034E7A5 /* CategoryCollectionViewCell.xib in Resources */,
				007B0F832A70D5A30034E7A5 /* WelcomeViewController.storyboard in Resources */,
				007B0F702A70B2F40034E7A5 /* Inter.ttf in Resources */,
				007B0F872A70DF340034E7A5 /* NewPasswordViewController.storyboard in Resources */,
			);
			runOnlyForDeploymentPostprocessing = 0;
		};
/* End PBXResourcesBuildPhase section */

/* Begin PBXSourcesBuildPhase section */
		007B0F4E2A70B2410034E7A5 /* Sources */ = {
			isa = PBXSourcesBuildPhase;
			buildActionMask = 2147483647;
			files = (
				007B0F722A70B3030034E7A5 /* UIViewExt.swift in Sources */,
				007B0F852A70D5BD0034E7A5 /* WelcomeViewController.swift in Sources */,
				007B0F812A70CD430034E7A5 /* SignUpViewController.swift in Sources */,
				007B0F7B2A70BF960034E7A5 /* StartedViewController.swift in Sources */,
				00A74B482A72468200BB07B9 /* WishlistViewController.swift in Sources */,
				00A74B462A72467500BB07B9 /* MyCardViewController.swift in Sources */,
				007B0F8D2A70F8D50034E7A5 /* HomepageViewController.swift in Sources */,
				007B0F952A710E3C0034E7A5 /* ShopModel.swift in Sources */,
				007B0F982A71171D0034E7A5 /* ProductCollectionViewCell.swift in Sources */,
				007B0F5A2A70B2410034E7A5 /* ViewController.swift in Sources */,
				007B0F562A70B2410034E7A5 /* AppDelegate.swift in Sources */,
				007B0F7D2A70CAD80034E7A5 /* ViewModel.swift in Sources */,
				007B0F922A710A660034E7A5 /* CategoryCollectionViewCell.swift in Sources */,
				00A74B442A72465100BB07B9 /* OrderViewController.swift in Sources */,
				007B0F582A70B2410034E7A5 /* SceneDelegate.swift in Sources */,
				007B0F892A70DF450034E7A5 /* NewPasswordViewController.swift in Sources */,
				00A74B402A72064300BB07B9 /* DetailViewController.swift in Sources */,
			);
			runOnlyForDeploymentPostprocessing = 0;
		};
/* End PBXSourcesBuildPhase section */

/* Begin PBXVariantGroup section */
		007B0F5B2A70B2410034E7A5 /* Main.storyboard */ = {
			isa = PBXVariantGroup;
			children = (
				007B0F5C2A70B2410034E7A5 /* Base */,
			);
			name = Main.storyboard;
			sourceTree = "<group>";
		};
		007B0F602A70B2420034E7A5 /* LaunchScreen.storyboard */ = {
			isa = PBXVariantGroup;
			children = (
				007B0F612A70B2420034E7A5 /* Base */,
			);
			name = LaunchScreen.storyboard;
			sourceTree = "<group>";
		};
/* End PBXVariantGroup section */

/* Begin XCBuildConfiguration section */
		007B0F642A70B2420034E7A5 /* Debug */ = {
			isa = XCBuildConfiguration;
			buildSettings = {
				ALWAYS_SEARCH_USER_PATHS = NO;
				CLANG_ANALYZER_NONNULL = YES;
				CLANG_ANALYZER_NUMBER_OBJECT_CONVERSION = YES_AGGRESSIVE;
				CLANG_CXX_LANGUAGE_STANDARD = "gnu++20";
				CLANG_ENABLE_MODULES = YES;
				CLANG_ENABLE_OBJC_ARC = YES;
				CLANG_ENABLE_OBJC_WEAK = YES;
				CLANG_WARN_BLOCK_CAPTURE_AUTORELEASING = YES;
				CLANG_WARN_BOOL_CONVERSION = YES;
				CLANG_WARN_COMMA = YES;
				CLANG_WARN_CONSTANT_CONVERSION = YES;
				CLANG_WARN_DEPRECATED_OBJC_IMPLEMENTATIONS = YES;
				CLANG_WARN_DIRECT_OBJC_ISA_USAGE = YES_ERROR;
				CLANG_WARN_DOCUMENTATION_COMMENTS = YES;
				CLANG_WARN_EMPTY_BODY = YES;
				CLANG_WARN_ENUM_CONVERSION = YES;
				CLANG_WARN_INFINITE_RECURSION = YES;
				CLANG_WARN_INT_CONVERSION = YES;
				CLANG_WARN_NON_LITERAL_NULL_CONVERSION = YES;
				CLANG_WARN_OBJC_IMPLICIT_RETAIN_SELF = YES;
				CLANG_WARN_OBJC_LITERAL_CONVERSION = YES;
				CLANG_WARN_OBJC_ROOT_CLASS = YES_ERROR;
				CLANG_WARN_QUOTED_INCLUDE_IN_FRAMEWORK_HEADER = YES;
				CLANG_WARN_RANGE_LOOP_ANALYSIS = YES;
				CLANG_WARN_STRICT_PROTOTYPES = YES;
				CLANG_WARN_SUSPICIOUS_MOVE = YES;
				CLANG_WARN_UNGUARDED_AVAILABILITY = YES_AGGRESSIVE;
				CLANG_WARN_UNREACHABLE_CODE = YES;
				CLANG_WARN__DUPLICATE_METHOD_MATCH = YES;
				COPY_PHASE_STRIP = NO;
				DEBUG_INFORMATION_FORMAT = dwarf;
				ENABLE_STRICT_OBJC_MSGSEND = YES;
				ENABLE_TESTABILITY = YES;
				GCC_C_LANGUAGE_STANDARD = gnu11;
				GCC_DYNAMIC_NO_PIC = NO;
				GCC_NO_COMMON_BLOCKS = YES;
				GCC_OPTIMIZATION_LEVEL = 0;
				GCC_PREPROCESSOR_DEFINITIONS = (
					"DEBUG=1",
					"$(inherited)",
				);
				GCC_WARN_64_TO_32_BIT_CONVERSION = YES;
				GCC_WARN_ABOUT_RETURN_TYPE = YES_ERROR;
				GCC_WARN_UNDECLARED_SELECTOR = YES;
				GCC_WARN_UNINITIALIZED_AUTOS = YES_AGGRESSIVE;
				GCC_WARN_UNUSED_FUNCTION = YES;
				GCC_WARN_UNUSED_VARIABLE = YES;
				IPHONEOS_DEPLOYMENT_TARGET = 16.4;
				MTL_ENABLE_DEBUG_INFO = INCLUDE_SOURCE;
				MTL_FAST_MATH = YES;
				ONLY_ACTIVE_ARCH = YES;
				SDKROOT = iphoneos;
				SWIFT_ACTIVE_COMPILATION_CONDITIONS = DEBUG;
				SWIFT_OPTIMIZATION_LEVEL = "-Onone";
			};
			name = Debug;
		};
		007B0F652A70B2420034E7A5 /* Release */ = {
			isa = XCBuildConfiguration;
			buildSettings = {
				ALWAYS_SEARCH_USER_PATHS = NO;
				CLANG_ANALYZER_NONNULL = YES;
				CLANG_ANALYZER_NUMBER_OBJECT_CONVERSION = YES_AGGRESSIVE;
				CLANG_CXX_LANGUAGE_STANDARD = "gnu++20";
				CLANG_ENABLE_MODULES = YES;
				CLANG_ENABLE_OBJC_ARC = YES;
				CLANG_ENABLE_OBJC_WEAK = YES;
				CLANG_WARN_BLOCK_CAPTURE_AUTORELEASING = YES;
				CLANG_WARN_BOOL_CONVERSION = YES;
				CLANG_WARN_COMMA = YES;
				CLANG_WARN_CONSTANT_CONVERSION = YES;
				CLANG_WARN_DEPRECATED_OBJC_IMPLEMENTATIONS = YES;
				CLANG_WARN_DIRECT_OBJC_ISA_USAGE = YES_ERROR;
				CLANG_WARN_DOCUMENTATION_COMMENTS = YES;
				CLANG_WARN_EMPTY_BODY = YES;
				CLANG_WARN_ENUM_CONVERSION = YES;
				CLANG_WARN_INFINITE_RECURSION = YES;
				CLANG_WARN_INT_CONVERSION = YES;
				CLANG_WARN_NON_LITERAL_NULL_CONVERSION = YES;
				CLANG_WARN_OBJC_IMPLICIT_RETAIN_SELF = YES;
				CLANG_WARN_OBJC_LITERAL_CONVERSION = YES;
				CLANG_WARN_OBJC_ROOT_CLASS = YES_ERROR;
				CLANG_WARN_QUOTED_INCLUDE_IN_FRAMEWORK_HEADER = YES;
				CLANG_WARN_RANGE_LOOP_ANALYSIS = YES;
				CLANG_WARN_STRICT_PROTOTYPES = YES;
				CLANG_WARN_SUSPICIOUS_MOVE = YES;
				CLANG_WARN_UNGUARDED_AVAILABILITY = YES_AGGRESSIVE;
				CLANG_WARN_UNREACHABLE_CODE = YES;
				CLANG_WARN__DUPLICATE_METHOD_MATCH = YES;
				COPY_PHASE_STRIP = NO;
				DEBUG_INFORMATION_FORMAT = "dwarf-with-dsym";
				ENABLE_NS_ASSERTIONS = NO;
				ENABLE_STRICT_OBJC_MSGSEND = YES;
				GCC_C_LANGUAGE_STANDARD = gnu11;
				GCC_NO_COMMON_BLOCKS = YES;
				GCC_WARN_64_TO_32_BIT_CONVERSION = YES;
				GCC_WARN_ABOUT_RETURN_TYPE = YES_ERROR;
				GCC_WARN_UNDECLARED_SELECTOR = YES;
				GCC_WARN_UNINITIALIZED_AUTOS = YES_AGGRESSIVE;
				GCC_WARN_UNUSED_FUNCTION = YES;
				GCC_WARN_UNUSED_VARIABLE = YES;
				IPHONEOS_DEPLOYMENT_TARGET = 16.4;
				MTL_ENABLE_DEBUG_INFO = NO;
				MTL_FAST_MATH = YES;
				SDKROOT = iphoneos;
				SWIFT_COMPILATION_MODE = wholemodule;
				SWIFT_OPTIMIZATION_LEVEL = "-O";
				VALIDATE_PRODUCT = YES;
			};
			name = Release;
		};
		007B0F672A70B2420034E7A5 /* Debug */ = {
			isa = XCBuildConfiguration;
			buildSettings = {
				ASSETCATALOG_COMPILER_APPICON_NAME = AppIcon;
				ASSETCATALOG_COMPILER_GLOBAL_ACCENT_COLOR_NAME = AccentColor;
				CODE_SIGN_STYLE = Automatic;
				CURRENT_PROJECT_VERSION = 1;
				DEVELOPMENT_TEAM = W6HK24QZS4;
				GENERATE_INFOPLIST_FILE = YES;
				INFOPLIST_FILE = LazaProject/Info.plist;
				INFOPLIST_KEY_UIApplicationSupportsIndirectInputEvents = YES;
				INFOPLIST_KEY_UILaunchStoryboardName = LaunchScreen;
				INFOPLIST_KEY_UIMainStoryboardFile = Main;
				INFOPLIST_KEY_UISupportedInterfaceOrientations_iPad = "UIInterfaceOrientationPortrait UIInterfaceOrientationPortraitUpsideDown UIInterfaceOrientationLandscapeLeft UIInterfaceOrientationLandscapeRight";
				INFOPLIST_KEY_UISupportedInterfaceOrientations_iPhone = "UIInterfaceOrientationPortrait UIInterfaceOrientationLandscapeLeft UIInterfaceOrientationLandscapeRight";
				LD_RUNPATH_SEARCH_PATHS = (
					"$(inherited)",
					"@executable_path/Frameworks",
				);
				MARKETING_VERSION = 1.0;
				PRODUCT_BUNDLE_IDENTIFIER = com.phincon.www.LazaProject;
				PRODUCT_NAME = "$(TARGET_NAME)";
				SWIFT_EMIT_LOC_STRINGS = YES;
				SWIFT_VERSION = 5.0;
				TARGETED_DEVICE_FAMILY = "1,2";
			};
			name = Debug;
		};
		007B0F682A70B2420034E7A5 /* Release */ = {
			isa = XCBuildConfiguration;
			buildSettings = {
				ASSETCATALOG_COMPILER_APPICON_NAME = AppIcon;
				ASSETCATALOG_COMPILER_GLOBAL_ACCENT_COLOR_NAME = AccentColor;
				CODE_SIGN_STYLE = Automatic;
				CURRENT_PROJECT_VERSION = 1;
				DEVELOPMENT_TEAM = W6HK24QZS4;
				GENERATE_INFOPLIST_FILE = YES;
				INFOPLIST_FILE = LazaProject/Info.plist;
				INFOPLIST_KEY_UIApplicationSupportsIndirectInputEvents = YES;
				INFOPLIST_KEY_UILaunchStoryboardName = LaunchScreen;
				INFOPLIST_KEY_UIMainStoryboardFile = Main;
				INFOPLIST_KEY_UISupportedInterfaceOrientations_iPad = "UIInterfaceOrientationPortrait UIInterfaceOrientationPortraitUpsideDown UIInterfaceOrientationLandscapeLeft UIInterfaceOrientationLandscapeRight";
				INFOPLIST_KEY_UISupportedInterfaceOrientations_iPhone = "UIInterfaceOrientationPortrait UIInterfaceOrientationLandscapeLeft UIInterfaceOrientationLandscapeRight";
				LD_RUNPATH_SEARCH_PATHS = (
					"$(inherited)",
					"@executable_path/Frameworks",
				);
				MARKETING_VERSION = 1.0;
				PRODUCT_BUNDLE_IDENTIFIER = com.phincon.www.LazaProject;
				PRODUCT_NAME = "$(TARGET_NAME)";
				SWIFT_EMIT_LOC_STRINGS = YES;
				SWIFT_VERSION = 5.0;
				TARGETED_DEVICE_FAMILY = "1,2";
			};
			name = Release;
		};
/* End XCBuildConfiguration section */

/* Begin XCConfigurationList section */
		007B0F4D2A70B2410034E7A5 /* Build configuration list for PBXProject "LazaProject" */ = {
			isa = XCConfigurationList;
			buildConfigurations = (
				007B0F642A70B2420034E7A5 /* Debug */,
				007B0F652A70B2420034E7A5 /* Release */,
			);
			defaultConfigurationIsVisible = 0;
			defaultConfigurationName = Release;
		};
		007B0F662A70B2420034E7A5 /* Build configuration list for PBXNativeTarget "LazaProject" */ = {
			isa = XCConfigurationList;
			buildConfigurations = (
				007B0F672A70B2420034E7A5 /* Debug */,
				007B0F682A70B2420034E7A5 /* Release */,
			);
			defaultConfigurationIsVisible = 0;
			defaultConfigurationName = Release;
		};
/* End XCConfigurationList section */

/* Begin XCRemoteSwiftPackageReference section */
		007B0F9A2A7124E10034E7A5 /* XCRemoteSwiftPackageReference "SDWebImage" */ = {
			isa = XCRemoteSwiftPackageReference;
			repositoryURL = "https://github.com/SDWebImage/SDWebImage.git";
			requirement = {
				kind = upToNextMajorVersion;
				minimumVersion = 5.0.0;
			};
		};
/* End XCRemoteSwiftPackageReference section */

/* Begin XCSwiftPackageProductDependency section */
		007B0F9B2A7124E10034E7A5 /* SDWebImage */ = {
			isa = XCSwiftPackageProductDependency;
			package = 007B0F9A2A7124E10034E7A5 /* XCRemoteSwiftPackageReference "SDWebImage" */;
			productName = SDWebImage;
		};
		007B0F9D2A7124E10034E7A5 /* SDWebImageMapKit */ = {
			isa = XCSwiftPackageProductDependency;
			package = 007B0F9A2A7124E10034E7A5 /* XCRemoteSwiftPackageReference "SDWebImage" */;
			productName = SDWebImageMapKit;
		};
/* End XCSwiftPackageProductDependency section */
	};
	rootObject = 007B0F4A2A70B2410034E7A5 /* Project object */;
}
